// !$*UTF8*$!
/* CoreForgeWriter Phase8 Features
- UnifiedAudioEngine
- UnifiedVideoEngine
- AdaptiveLearningEngine
- Memory pinning
- Quantum-choice plotting
- Community marketplace
- VideoEffectsPipeline
- AudioEffectsPipeline
- HighQualityVoiceLibrary
- GlobalLanguageSupport
- OfflineMP3Downloader
- TenTimesPlaybackSpeed
- AdvancedSkipImport
- AISummaryChatService
- DocVideoScanner
- BookScanAnalyzer
- SmartWriterService003
- DynamicWriterToolkit004
- AutomatedWriterSystem005
- EnhancedWriterInterface006
- VirtualWriterAnalyzer007
- IntegratedWriterWorkflow008
- ProWriterPipeline009
- AdaptiveWriterEngine010
- AdvancedWriterModule011
- QuantumWriterManager012
- SmartWriterService013
- DynamicWriterToolkit014
- AutomatedWriterSystem015
- EnhancedWriterInterface016
- VirtualWriterAnalyzer017
- IntegratedWriterWorkflow018
- ProWriterPipeline019
- AdaptiveWriterEngine020
- AdvancedWriterModule021
- QuantumWriterManager022
- SmartWriterService023
- DynamicWriterToolkit024
- AutomatedWriterSystem025
- EnhancedWriterInterface026
- VirtualWriterAnalyzer027
- IntegratedWriterWorkflow028
- ProWriterPipeline029
- AdaptiveWriterEngine030
- AdvancedWriterModule031
- QuantumWriterManager032
- SmartWriterService033
- DynamicWriterToolkit034
- AutomatedWriterSystem035
- EnhancedWriterInterface036
- VirtualWriterAnalyzer037
- IntegratedWriterWorkflow038
- ProWriterPipeline039
- AdaptiveWriterEngine040
- AdvancedWriterModule041
- QuantumWriterManager042
- SmartWriterService043
- DynamicWriterToolkit044
- AutomatedWriterSystem045
- EnhancedWriterInterface046
- VirtualWriterAnalyzer047
- IntegratedWriterWorkflow048
- ProWriterPipeline049
- AdaptiveWriterEngine050
- AdvancedWriterModule051
- QuantumWriterManager052
- SmartWriterService053
- DynamicWriterToolkit054
- AutomatedWriterSystem055
- EnhancedWriterInterface056
- VirtualWriterAnalyzer057
- IntegratedWriterWorkflow058
- ProWriterPipeline059
- AdaptiveWriterEngine060
- AdvancedWriterModule061
- QuantumWriterManager062
- SmartWriterService063
- DynamicWriterToolkit064
- AutomatedWriterSystem065
- EnhancedWriterInterface066
- VirtualWriterAnalyzer067
- IntegratedWriterWorkflow068
- ProWriterPipeline069
- AdaptiveWriterEngine070
- AdvancedWriterModule071
- QuantumWriterManager072
- SmartWriterService073
- DynamicWriterToolkit074
- AutomatedWriterSystem075
- EnhancedWriterInterface076
- VirtualWriterAnalyzer077
- IntegratedWriterWorkflow078
- ProWriterPipeline079
- AdaptiveWriterEngine080
- AdvancedWriterModule081
- QuantumWriterManager082
- SmartWriterService083
- DynamicWriterToolkit084
- AutomatedWriterSystem085
- EnhancedWriterInterface086
- VirtualWriterAnalyzer087
- IntegratedWriterWorkflow088
- ProWriterPipeline089
- AdaptiveWriterEngine090
- AdvancedWriterModule091
- QuantumWriterManager092
- SmartWriterService093
- DynamicWriterToolkit094
- AutomatedWriterSystem095
- EnhancedWriterInterface096
- VirtualWriterAnalyzer097
- IntegratedWriterWorkflow098
- ProWriterPipeline099
- AdaptiveWriterEngine100
- AdvancedWriterModule101
- QuantumWriterManager102
- SmartWriterService103
- DynamicWriterToolkit104
- AutomatedWriterSystem105
- EnhancedWriterInterface106
- VirtualWriterAnalyzer107
- IntegratedWriterWorkflow108
- ProWriterPipeline109
- AdaptiveWriterEngine110
- AdvancedWriterModule111
- QuantumWriterManager112
- SmartWriterService113
- DynamicWriterToolkit114
- AutomatedWriterSystem115
- EnhancedWriterInterface116
- VirtualWriterAnalyzer117
- IntegratedWriterWorkflow118
- ProWriterPipeline119
- AdaptiveWriterEngine120
- AdvancedWriterModule121
- QuantumWriterManager122
- SmartWriterService123
- DynamicWriterToolkit124
- AutomatedWriterSystem125
- EnhancedWriterInterface126
- VirtualWriterAnalyzer127
- IntegratedWriterWorkflow128
- ProWriterPipeline129
- AdaptiveWriterEngine130
- AdvancedWriterModule131
- QuantumWriterManager132
- SmartWriterService133
- DynamicWriterToolkit134
- AutomatedWriterSystem135
- EnhancedWriterInterface136
- VirtualWriterAnalyzer137
- IntegratedWriterWorkflow138
- ProWriterPipeline139
- AdaptiveWriterEngine140
- AdvancedWriterModule141
- QuantumWriterManager142
- SmartWriterService143
- DynamicWriterToolkit144
- AutomatedWriterSystem145
- EnhancedWriterInterface146
- VirtualWriterAnalyzer147
- IntegratedWriterWorkflow148
- ProWriterPipeline149
- AdaptiveWriterEngine150
- AdvancedWriterModule151
- QuantumWriterManager152
- SmartWriterService153
- DynamicWriterToolkit154
- AutomatedWriterSystem155
- EnhancedWriterInterface156
- VirtualWriterAnalyzer157
- IntegratedWriterWorkflow158
- ProWriterPipeline159
- AdaptiveWriterEngine160
- AdvancedWriterModule161
- QuantumWriterManager162
- SmartWriterService163
- DynamicWriterToolkit164
- AutomatedWriterSystem165
- EnhancedWriterInterface166
- VirtualWriterAnalyzer167
- IntegratedWriterWorkflow168
- ProWriterPipeline169
- AdaptiveWriterEngine170
- AdvancedWriterModule171
- QuantumWriterManager172
- SmartWriterService173
- DynamicWriterToolkit174
- AutomatedWriterSystem175
- EnhancedWriterInterface176
- VirtualWriterAnalyzer177
- IntegratedWriterWorkflow178
- ProWriterPipeline179
- AdaptiveWriterEngine180
- AdvancedWriterModule181
- QuantumWriterManager182
- SmartWriterService183
- DynamicWriterToolkit184
- AutomatedWriterSystem185
- EnhancedWriterInterface186
- VirtualWriterAnalyzer187
- IntegratedWriterWorkflow188
- ProWriterPipeline189
- AdaptiveWriterEngine190
- AdvancedWriterModule191
- QuantumWriterManager192
- SmartWriterService193
- DynamicWriterToolkit194
- AutomatedWriterSystem195
- EnhancedWriterInterface196
- VirtualWriterAnalyzer197
- IntegratedWriterWorkflow198
- ProWriterPipeline199
- AdaptiveWriterEngine200
*/
/* CoreForgeWriter Frameworks
- AVFoundation.framework
- FirebaseAuth.framework
- FirebaseCore.framework
- FirebaseFirestore.framework
- FirebaseStorage.framework
- Foundation.framework
- Security.framework
- SwiftUI.framework
- wrapper.framework
*/
{
  archiveVersion = 1;
  objectVersion = 56;
  classes = {};
  objects = {

/* Begin PBXGroup section */
    3322C35C00294EAC87ECF3D0 = {
      isa = PBXGroup;
      children = (
      );
      sourceTree = "<group>";
    };
/* End PBXGroup section */

/* Begin PBXProject section */
    4E59CCC3B08A4935A21DEC5F /* Project object */ = {
      isa = PBXProject;
      attributes = {
        LastUpgradeCheck = 1600;
        ORGANIZATIONNAME = "";
      };
      buildConfigurationList = ED52DC035DA144B4A61E1CA8 /* Build configuration list for PBXProject */;
      compatibilityVersion = "Xcode 16.0";
      developmentRegion = en;
      hasScannedForEncodings = 0;
      mainGroup = 3322C35C00294EAC87ECF3D0;
      targets = (
      );
      projectDirPath = "";
      projectRoot = "";
    };
/* End PBXProject section */

/* Begin XCBuildConfiguration section */
    95180BDA22CF4DF190057A5F /* Debug */ = {
      isa = XCBuildConfiguration;
      buildSettings = {
      	HEADERMAP_STYLE = FLAT;
      	HEADERMAP_STYLE = FLAT;
      };
      name = Debug;
    };
    A539ED13AA334762B2A9E5AC /* Release */ = {
      isa = XCBuildConfiguration;
      buildSettings = {
      	HEADERMAP_STYLE = FLAT;
      	HEADERMAP_STYLE = FLAT;
      };
      name = Release;
    };
/* End XCBuildConfiguration section */

/* Begin XCConfigurationList section */
    ED52DC035DA144B4A61E1CA8 /* Build configuration list for PBXProject */ = {
      isa = XCConfigurationList;
      buildConfigurations = (
        95180BDA22CF4DF190057A5F /* Debug */,
        A539ED13AA334762B2A9E5AC /* Release */,
      );
      defaultConfigurationIsVisible = 0;
      defaultConfigurationName = Release;
    };
/* End XCConfigurationList section */

  };
  rootObject = 4E59CCC3B08A4935A21DEC5F /* Project object */;
}
