// !$*UTF8*$!
/* CoreForge Audio Feature Summary:
 - Immersive multi-character AI audiobook engine
 - Voice cloning with persistent memory
 - ePub/PDF/TXT import with chapter detection
 - Scene-based ambient sound and FX generator
 - Offline TTS pipeline and custom model uploads
 - Real-time AI improviser with FusionEngine plugins
 - Drag-and-drop builder for scenes and voices
 - NSFW gating and parental controls
 - Cross-device library sync and analytics
Frameworks Required: AVFoundation, Combine, Security, SwiftUI, Foundation, FirebaseAuth, FirebaseCore, FirebaseFirestore, FirebaseStorage */
{
  archiveVersion = 1;
  objectVersion = 56;
  classes = {};
  objects = {

/* Begin PBXGroup section */
    6B91E36E1B7845E0AE87D137 = {
      isa = PBXGroup;
      children = (
        222222222222222222222222 /* WhatIfCutsceneMode.swift */,
      );
      sourceTree = "<group>";
    };
/* End PBXGroup section */

/* Begin PBXProject section */
    E2AB8A3F4A8340C6BBA09E99 /* Project object */ = {
      isa = PBXProject;
      attributes = {
        LastUpgradeCheck = 1600;
        ORGANIZATIONNAME = "";
      };
      buildConfigurationList = 38C14D8FFAED49EC938E7EC8 /* Build configuration list for PBXProject */;
      compatibilityVersion = "Xcode 16.0";
      developmentRegion = en;
      hasScannedForEncodings = 0;
      mainGroup = 6B91E36E1B7845E0AE87D137;
      targets = (
      );
      projectDirPath = "";
      projectRoot = "";
    };
/* End PBXProject section */

/* Begin XCBuildConfiguration section */
    C3AE42ED45C94B56B1CEDDAA /* Debug */ = {
      isa = XCBuildConfiguration;
      buildSettings = {
      	HEADERMAP_STYLE = FLAT;
      };
      name = Debug;
    };
    3456B5A2B6F54DDABCA5A1DE /* Release */ = {
      isa = XCBuildConfiguration;
      buildSettings = {
      	HEADERMAP_STYLE = FLAT;
      };
      name = Release;
    };
/* End XCBuildConfiguration section */

/* Begin XCConfigurationList section */
    38C14D8FFAED49EC938E7EC8 /* Build configuration list for PBXProject */ = {
      isa = XCConfigurationList;
      buildConfigurations = (
        C3AE42ED45C94B56B1CEDDAA /* Debug */,
        3456B5A2B6F54DDABCA5A1DE /* Release */,
      );
      defaultConfigurationIsVisible = 0;
      defaultConfigurationName = Release;
    };
/* End XCConfigurationList section */

  };
  rootObject = E2AB8A3F4A8340C6BBA09E99 /* Project object */;
}
