// !$*UTF8*$!
/* CoreForge Audio Feature Summary:
 - Immersive multi-character AI audiobook engine
 - Voice cloning with persistent memory
 - ePub/PDF/TXT import with chapter detection
 - Scene-based ambient sound and FX generator
 - Offline TTS pipeline and custom model uploads
 - Real-time AI improviser with FusionEngine plugins
 - Drag-and-drop builder for scenes and voices
 - NSFW gating and parental controls
 - Cross-device library sync and analytics
Frameworks Required: AVFoundation, Combine, Security, SwiftUI, Foundation, FirebaseAuth, FirebaseCore, FirebaseFirestore, FirebaseStorage */
{
  archiveVersion = 1;
  objectVersion = 56;
  classes = {};
  objects = {

/* Begin PBXGroup section */
    9623FFFB11C243618F2A0D0F = {
      isa = PBXGroup;
      children = (
      );
      sourceTree = "<group>";
    };
/* End PBXGroup section */

/* Begin PBXProject section */
    A49B3D1DE6B441F8AB6051EC /* Project object */ = {
      isa = PBXProject;
      attributes = {
        LastUpgradeCheck = 1600;
        ORGANIZATIONNAME = "";
      };
      buildConfigurationList = 6461B161F48C4D148B1AC5BF /* Build configuration list for PBXProject */;
      compatibilityVersion = "Xcode 16.0";
      developmentRegion = en;
      hasScannedForEncodings = 0;
      mainGroup = 9623FFFB11C243618F2A0D0F;
      targets = (
      );
      projectDirPath = "";
      projectRoot = "";
    };
/* End PBXProject section */

/* Begin XCBuildConfiguration section */
    5A6A01CF77F24A558405C619 /* Debug */ = {
      isa = XCBuildConfiguration;
      buildSettings = {
      	HEADERMAP_STYLE = FLAT;
      };
      name = Debug;
    };
    5C98D547339E4E4CBD9FCB2E /* Release */ = {
      isa = XCBuildConfiguration;
      buildSettings = {
      	HEADERMAP_STYLE = FLAT;
      };
      name = Release;
    };
/* End XCBuildConfiguration section */

/* Begin XCConfigurationList section */
    6461B161F48C4D148B1AC5BF /* Build configuration list for PBXProject */ = {
      isa = XCConfigurationList;
      buildConfigurations = (
        5A6A01CF77F24A558405C619 /* Debug */,
        5C98D547339E4E4CBD9FCB2E /* Release */,
      );
      defaultConfigurationIsVisible = 0;
      defaultConfigurationName = Release;
    };
/* End XCConfigurationList section */

  };
  rootObject = A49B3D1DE6B441F8AB6051EC /* Project object */;
}
