// !$*UTF8*$!
/* CoreForge Audio Feature Summary:
 - Immersive multi-character AI audiobook engine
 - Voice cloning with persistent memory
 - ePub/PDF/TXT import with chapter detection
 - Scene-based ambient sound and FX generator
 - Offline TTS pipeline and custom model uploads
 - Real-time AI improviser with FusionEngine plugins
 - Drag-and-drop builder for scenes and voices
 - NSFW gating and parental controls
 - Cross-device library sync and analytics
Frameworks Required: AVFoundation, Combine, Security, SwiftUI, Foundation, FirebaseAuth, FirebaseCore, FirebaseFirestore, FirebaseStorage */
{
  archiveVersion = 1;
  objectVersion = 56;
  classes = {};
  objects = {

/* Begin PBXGroup section */
    0220C2DF37794949AD55A70B = {
      isa = PBXGroup;
      children = (
      );
      sourceTree = "<group>";
    };
/* End PBXGroup section */

/* Begin PBXProject section */
    CE585440A0C542D888077C7F /* Project object */ = {
      isa = PBXProject;
      attributes = {
        LastUpgradeCheck = 1600;
        ORGANIZATIONNAME = "";
      };
      buildConfigurationList = F303CA8A70A049A7BC447551 /* Build configuration list for PBXProject */;
      compatibilityVersion = "Xcode 16.0";
      developmentRegion = en;
      hasScannedForEncodings = 0;
      mainGroup = 0220C2DF37794949AD55A70B;
      targets = (
      );
      projectDirPath = "";
      projectRoot = "";
    };
/* End PBXProject section */

/* Begin XCBuildConfiguration section */
    44C7E55C8C2540DBB6764962 /* Debug */ = {
      isa = XCBuildConfiguration;
      buildSettings = {
      	HEADERMAP_STYLE = FLAT;
      };
      name = Debug;
    };
    F7F5FD8947894FEDA290F118 /* Release */ = {
      isa = XCBuildConfiguration;
      buildSettings = {
      	HEADERMAP_STYLE = FLAT;
      };
      name = Release;
    };
/* End XCBuildConfiguration section */

/* Begin XCConfigurationList section */
    F303CA8A70A049A7BC447551 /* Build configuration list for PBXProject */ = {
      isa = XCConfigurationList;
      buildConfigurations = (
        44C7E55C8C2540DBB6764962 /* Debug */,
        F7F5FD8947894FEDA290F118 /* Release */,
      );
      defaultConfigurationIsVisible = 0;
      defaultConfigurationName = Release;
    };
/* End XCConfigurationList section */

  };
  rootObject = CE585440A0C542D888077C7F /* Project object */;
}
