// !$*UTF8*$!
{
  archiveVersion = 1;
  objectVersion = 56;
  classes = {};
  objects = {

/* Begin PBXGroup section */
    E8243BB06DA64B2789E5A6E0 = {
      isa = PBXGroup;
      children = (
      );
      sourceTree = "<group>";
    };
/* End PBXGroup section */

/* Begin PBXProject section */
    C2D3F8B0C0A2449C830C5BE2 /* Project object */ = {
      isa = PBXProject;
      attributes = {
        LastUpgradeCheck = 1600;
        ORGANIZATIONNAME = "";
      };
      buildConfigurationList = 01B3DB741F8C4A8E9BA7854F /* Build configuration list for PBXProject */;
      compatibilityVersion = "Xcode 16.0";
      developmentRegion = en;
      hasScannedForEncodings = 0;
      mainGroup = E8243BB06DA64B2789E5A6E0;
      targets = (
      );
      projectDirPath = "";
      projectRoot = "";
    };
/* End PBXProject section */

/* Begin XCBuildConfiguration section */
    62164CB976874691BD81D492 /* Debug */ = {
      isa = XCBuildConfiguration;
      buildSettings = {
      };
      name = Debug;
    };
    8BCD06C6FDBF40C5B41B1419 /* Release */ = {
      isa = XCBuildConfiguration;
      buildSettings = {
      };
      name = Release;
    };
/* End XCBuildConfiguration section */

/* Begin XCConfigurationList section */
    01B3DB741F8C4A8E9BA7854F /* Build configuration list for PBXProject */ = {
      isa = XCConfigurationList;
      buildConfigurations = (
        62164CB976874691BD81D492 /* Debug */,
        8BCD06C6FDBF40C5B41B1419 /* Release */,
      );
      defaultConfigurationIsVisible = 0;
      defaultConfigurationName = Release;
    };
/* End XCConfigurationList section */

  };
  rootObject = C2D3F8B0C0A2449C830C5BE2 /* Project object */;
}
