// !$*UTF8*$!
{
  archiveVersion = 1;
  objectVersion = 56;
  classes = {};
  objects = {

/* Begin PBXGroup section */
    2885A420832448908C6F293D = {
      isa = PBXGroup;
      children = (
      );
      sourceTree = "<group>";
    };
/* End PBXGroup section */

/* Begin PBXProject section */
    7A6B23775ABA45A1A95F1DFB /* Project object */ = {
      isa = PBXProject;
      attributes = {
        LastUpgradeCheck = 1600;
        ORGANIZATIONNAME = "";
      };
      buildConfigurationList = C5D20EED9F07466EBEE99532 /* Build configuration list for PBXProject */;
      compatibilityVersion = "Xcode 16.0";
      developmentRegion = en;
      hasScannedForEncodings = 0;
      mainGroup = 2885A420832448908C6F293D;
      targets = (
      );
      projectDirPath = "";
      projectRoot = "";
    };
/* End PBXProject section */

/* Begin XCBuildConfiguration section */
    DB987022C8064E81BA77A0A2 /* Debug */ = {
      isa = XCBuildConfiguration;
      buildSettings = {
      };
      name = Debug;
    };
    93EF09502216429290090CCC /* Release */ = {
      isa = XCBuildConfiguration;
      buildSettings = {
      };
      name = Release;
    };
/* End XCBuildConfiguration section */

/* Begin XCConfigurationList section */
    C5D20EED9F07466EBEE99532 /* Build configuration list for PBXProject */ = {
      isa = XCConfigurationList;
      buildConfigurations = (
        DB987022C8064E81BA77A0A2 /* Debug */,
        93EF09502216429290090CCC /* Release */,
      );
      defaultConfigurationIsVisible = 0;
      defaultConfigurationName = Release;
    };
/* End XCConfigurationList section */

  };
  rootObject = 7A6B23775ABA45A1A95F1DFB /* Project object */;
}
