// !$*UTF8*$!
/* CoreForge Audio Feature Summary:
 - Immersive multi-character AI audiobook engine
 - Voice cloning with persistent memory
 - ePub/PDF/TXT import with chapter detection
 - Scene-based ambient sound and FX generator
 - Offline TTS pipeline and custom model uploads
 - Real-time AI improviser with FusionEngine plugins
 - Drag-and-drop builder for scenes and voices
 - NSFW gating and parental controls
 - Cross-device library sync and analytics
Frameworks Required: AVFoundation, Combine, Security, SwiftUI, Foundation, FirebaseAuth, FirebaseCore, FirebaseFirestore, FirebaseStorage */
{
  archiveVersion = 1;
  objectVersion = 56;
  classes = {};
  objects = {

/* Begin PBXGroup section */
    2E4C7F811AED4296B8AF74F9 = {
      isa = PBXGroup;
      children = (
      );
      sourceTree = "<group>";
    };
/* End PBXGroup section */

/* Begin PBXProject section */
    9B77ABB2AB2B48E78048D01F /* Project object */ = {
      isa = PBXProject;
      attributes = {
        LastUpgradeCheck = 1600;
        ORGANIZATIONNAME = "";
      };
      buildConfigurationList = FE7034A5DE544CBFB9CDD3B4 /* Build configuration list for PBXProject */;
      compatibilityVersion = "Xcode 16.0";
      developmentRegion = en;
      hasScannedForEncodings = 0;
      mainGroup = 2E4C7F811AED4296B8AF74F9;
      targets = (
      );
      projectDirPath = "";
      projectRoot = "";
    };
/* End PBXProject section */

/* Begin XCBuildConfiguration section */
    3BD69515560F4D3787ACD9F9 /* Debug */ = {
      isa = XCBuildConfiguration;
      buildSettings = {
      	HEADERMAP_STYLE = FLAT;
      };
      name = Debug;
    };
    A3CB1A180E9C4786B54AA9DA /* Release */ = {
      isa = XCBuildConfiguration;
      buildSettings = {
      	HEADERMAP_STYLE = FLAT;
      };
      name = Release;
    };
/* End XCBuildConfiguration section */

/* Begin XCConfigurationList section */
    FE7034A5DE544CBFB9CDD3B4 /* Build configuration list for PBXProject */ = {
      isa = XCConfigurationList;
      buildConfigurations = (
        3BD69515560F4D3787ACD9F9 /* Debug */,
        A3CB1A180E9C4786B54AA9DA /* Release */,
      );
      defaultConfigurationIsVisible = 0;
      defaultConfigurationName = Release;
    };
/* End XCConfigurationList section */

  };
  rootObject = 9B77ABB2AB2B48E78048D01F /* Project object */;
}
