// !$*UTF8*$!
/* CoreForge Audio Feature Summary:
 - Immersive multi-character AI audiobook engine
 - Voice cloning with persistent memory
 - ePub/PDF/TXT import with chapter detection
 - Scene-based ambient sound and FX generator
 - Offline TTS pipeline and custom model uploads
 - Real-time AI improviser with FusionEngine plugins
 - Drag-and-drop builder for scenes and voices
 - NSFW gating and parental controls
 - Cross-device library sync and analytics
Frameworks Required: AVFoundation, Combine, Security, SwiftUI, Foundation, FirebaseAuth, FirebaseCore, FirebaseFirestore, FirebaseStorage */
{
  archiveVersion = 1;
  objectVersion = 56;
  classes = {};
  objects = {

/* Begin PBXGroup section */
    7553287A2C064EEFAB932A2C = {
      isa = PBXGroup;
      children = (
      );
      sourceTree = "<group>";
    };
/* End PBXGroup section */

/* Begin PBXProject section */
    BB44466CEC11416B8E2A3B1E /* Project object */ = {
      isa = PBXProject;
      attributes = {
        LastUpgradeCheck = 1600;
        ORGANIZATIONNAME = "";
      };
      buildConfigurationList = E9A6F4853D344036A427C227 /* Build configuration list for PBXProject */;
      compatibilityVersion = "Xcode 16.0";
      developmentRegion = en;
      hasScannedForEncodings = 0;
      mainGroup = 7553287A2C064EEFAB932A2C;
      targets = (
      );
      projectDirPath = "";
      projectRoot = "";
    };
/* End PBXProject section */

/* Begin XCBuildConfiguration section */
    C8541DC68F804084BB37950A /* Debug */ = {
      isa = XCBuildConfiguration;
      buildSettings = {
      	HEADERMAP_STYLE = FLAT;
      };
      name = Debug;
    };
    C24DA1E24EFB4A4DAE4361CE /* Release */ = {
      isa = XCBuildConfiguration;
      buildSettings = {
      	HEADERMAP_STYLE = FLAT;
      };
      name = Release;
    };
/* End XCBuildConfiguration section */

/* Begin XCConfigurationList section */
    E9A6F4853D344036A427C227 /* Build configuration list for PBXProject */ = {
      isa = XCConfigurationList;
      buildConfigurations = (
        C8541DC68F804084BB37950A /* Debug */,
        C24DA1E24EFB4A4DAE4361CE /* Release */,
      );
      defaultConfigurationIsVisible = 0;
      defaultConfigurationName = Release;
    };
/* End XCConfigurationList section */

  };
  rootObject = BB44466CEC11416B8E2A3B1E /* Project object */;
}
