// !$*UTF8*$!
/* CoreForge Audio Feature Summary:
 - Immersive multi-character AI audiobook engine
 - Voice cloning with persistent memory
 - ePub/PDF/TXT import with chapter detection
 - Scene-based ambient sound and FX generator
 - Offline TTS pipeline and custom model uploads
 - Real-time AI improviser with FusionEngine plugins
 - Drag-and-drop builder for scenes and voices
 - NSFW gating and parental controls
 - Cross-device library sync and analytics
Frameworks Required: AVFoundation, Combine, Security, SwiftUI, Foundation, FirebaseAuth, FirebaseCore, FirebaseFirestore, FirebaseStorage */
{
	archiveVersion = 1;
	classes = {
	};
	objectVersion = 56;
	objects = {

/* Begin PBXBuildFile section */
		004BB219B9E94220B921E70B /* VoiceConfig.swift in Sources */ = {isa = PBXBuildFile; fileRef = 5481AEFBD50F4D2B9830A918 /* VoiceConfig.swift */; };
		0106411D9EABE2490E4E4941 /* QuizGeneratorView.swift in Sources */ = {isa = PBXBuildFile; fileRef = 40E64B839EC4D014B114A8F8 /* QuizGeneratorView.swift */; };
		096642968A3E46F396422378 /* HomeDashboardView.swift in Sources */ = {isa = PBXBuildFile; fileRef = A20643DC9C298CEB2336610E /* HomeDashboardView.swift */; };
		0D9E446FAFB0BFF5DAAD1FA3 /* Combine.framework in Embed Frameworks */ = {isa = PBXBuildFile; fileRef = 251E490A977F9D49EBE17D94 /* Combine.framework */; };
		0EE94C788A90464EE7840983 /* FavoritesCarouselView.swift in Sources */ = {isa = PBXBuildFile; fileRef = F6B44FD9880C8C2BB6612BFB /* FavoritesCarouselView.swift */; };
		0EF84E79BFA0487A102BF775 /* ExportQueueView.swift in Sources */ = {isa = PBXBuildFile; fileRef = 2C8A4FA899CFE85B6CF7E687 /* ExportQueueView.swift */; };
		12544CE3AE520C940C7619B4 /* AVFoundation.framework in Frameworks */ = {isa = PBXBuildFile; fileRef = DA1D45218946A589144DE281 /* AVFoundation.framework */; };
		1529558E613A46F88D168D69 /* VoiceCastView.swift in Sources */ = {isa = PBXBuildFile; fileRef = 851144003F30406993C238BC /* VoiceCastView.swift */; };
		162943CD97931759F772A626 /* UpgradeBlockOverlay.swift in Sources */ = {isa = PBXBuildFile; fileRef = B43F4EC191844E15764804EC /* UpgradeBlockOverlay.swift */; };
		175602CC3EF34C73ACED9368 /* KindleView.swift in Sources */ = {isa = PBXBuildFile; fileRef = D8EA09CBB95E4C5AAF189582 /* KindleView.swift */; };
		1E8B4DC8A0B32742BC69B3B7 /* ContinueListeningView.swift in Sources */ = {isa = PBXBuildFile; fileRef = E4A847049EED8492C7202F23 /* ContinueListeningView.swift */; };
		1FCD4C43BB60407EBF67DE88 /* ProfileTierCardView.swift in Sources */ = {isa = PBXBuildFile; fileRef = 580A625F6E984B299D53BF78 /* ProfileTierCardView.swift */; };
		2092327CCE864334B8FBD8DB /* AppleBooksView.swift in Sources */ = {isa = PBXBuildFile; fileRef = 1F2A8647712441F59D0E4173 /* AppleBooksView.swift */; };
		215961F4D29A43E8AC8A9F57 /* FavoritesView.swift in Sources */ = {isa = PBXBuildFile; fileRef = 4033CDC1CA90451B93D24E69 /* FavoritesView.swift */; };
		2EC946EF810EFDB240087648 /* Security.framework in Embed Frameworks */ = {isa = PBXBuildFile; fileRef = E3164990BDA687D97FE0245A /* Security.framework */; };
		2FEC4839886E880CF7D77E35 /* EmptyStateView.swift in Sources */ = {isa = PBXBuildFile; fileRef = 038644F2A85E21C35B5CF453 /* EmptyStateView.swift */; };
		3035B9C1B0414FF1B2DE6D24 /* AdaptiveReasoner.swift in Sources */ = {isa = PBXBuildFile; fileRef = 87D87F17F9404DD9AFFCB1AD /* AdaptiveReasoner.swift */; };
		337F44258D0BF7DD8B46CFAA /* SwiftUI.framework in Frameworks */ = {isa = PBXBuildFile; fileRef = 5781499582260E5F4E5C8D01 /* SwiftUI.framework */; };
		3631A055805245D8804B33E0 /* ChapterImporter.swift in Sources */ = {isa = PBXBuildFile; fileRef = 132FC80844E44C87B9C12294 /* ChapterImporter.swift */; };
		384FC988299D47F59DC868C8 /* OnboardingView.swift in Sources */ = {isa = PBXBuildFile; fileRef = 3C68B5B6DFB84423BF9546C3 /* OnboardingView.swift */; };
		3870F41243BE4239BCB001BE /* PlayerView.swift in Sources */ = {isa = PBXBuildFile; fileRef = D9B30A93EB594B6CA1FCAF28 /* PlayerView.swift */; };
		38A24208506B48698548F398 /* SecureStore.swift in Sources */ = {isa = PBXBuildFile; fileRef = 8CA9519765CE4CC1911DDAC2 /* SecureStore.swift */; };
		3B724765BAAD1A8F4855F89C /* VoicePickerView.swift in Sources */ = {isa = PBXBuildFile; fileRef = B08341459763F9B2FD0CF731 /* VoicePickerView.swift */; };
		3CC049A982BB4FADBC3957CE /* ListeningStatsView.swift in Sources */ = {isa = PBXBuildFile; fileRef = 1AF8E5EA13EF44B29C394A60 /* ListeningStatsView.swift */; };
		420B41798BA3DB936ECFC814 /* RecentlyImportedView.swift in Sources */ = {isa = PBXBuildFile; fileRef = C94B445B87CB8C101B93D104 /* RecentlyImportedView.swift */; };
		42316FBA84D6404EB66680F0 /* KindleService.swift in Sources */ = {isa = PBXBuildFile; fileRef = D76E59CB30604AAAA2282354 /* KindleService.swift */; };
		435648BDAF26F38CD47F7B33 /* DailyGoalCard.swift in Sources */ = {isa = PBXBuildFile; fileRef = 79C846969C6AEAC29196E23F /* DailyGoalCard.swift */; };
		43A3492DB04BAA0A10D411BF /* NSFWToggleView.swift in Sources */ = {isa = PBXBuildFile; fileRef = AC66445A9C5AD89CEFCE9CC8 /* NSFWToggleView.swift */; };
		4C388C7FFA604408921177A7 /* ContentView.swift in Sources */ = {isa = PBXBuildFile; fileRef = 0E0D36B33AB84BADA40D9893 /* ContentView.swift */; };
		5169483782007F08E01DD27E /* AmbientFXMixerView.swift in Sources */ = {isa = PBXBuildFile; fileRef = 421C483894B8211A87D42F28 /* AmbientFXMixerView.swift */; };
		5310C55B44254030B2386E73 /* MainTabView.swift in Sources */ = {isa = PBXBuildFile; fileRef = 16D5DAA3C9404E5E8EA86180 /* MainTabView.swift */; };
		550A4F7089B569D3073C4B2F /* VoiceEmotionControlView.swift in Sources */ = {isa = PBXBuildFile; fileRef = C49B4D9EA1C567B644D9DE72 /* VoiceEmotionControlView.swift */; };
		55654FBC8F2127C1DC08AF26 /* TodayHighlightsCarousel.swift in Sources */ = {isa = PBXBuildFile; fileRef = EFE34A1CA148FADFA4DBF3C8 /* TodayHighlightsCarousel.swift */; };
		55B4231215504C87AE2184C6 /* ImportView.swift in Sources */ = {isa = PBXBuildFile; fileRef = E4B1A46A8B5F462B96054FCC /* ImportView.swift */; };
		5628EBFEA28C410E8080FF36 /* CharacterVoiceMemory.swift in Sources */ = {isa = PBXBuildFile; fileRef = B8C61030125B4083B4A9882A /* CharacterVoiceMemory.swift */; };
		59EF4DD978274C628E2F804D /* ViralEngine.swift in Sources */ = {isa = PBXBuildFile; fileRef = 7BEA76E0A4C445258CB8A165 /* ViralEngine.swift */; };
		5A084CAAA7EA77143B45F916 /* DownloadsManagerView.swift in Sources */ = {isa = PBXBuildFile; fileRef = 07464D19A925361894FD6BC6 /* DownloadsManagerView.swift */; };
		5C212BDE3CB147B48EF9F5D7 /* BannerCarouselView.swift in Sources */ = {isa = PBXBuildFile; fileRef = 03C53ADD5599426AB3C6B37E /* BannerCarouselView.swift */; };
		5D025F01B2E34545983A9978 /* DownloadsView.swift in Sources */ = {isa = PBXBuildFile; fileRef = B3605C5AEACF45E4BB6E9B7F /* DownloadsView.swift */; };
		5DCF4ABA924DE0A8390998A2 /* SettingsProfileView.swift in Sources */ = {isa = PBXBuildFile; fileRef = 1BDE4F359A451543A340EDB5 /* SettingsProfileView.swift */; };
		64E6F5A0C902400684D5CB1D /* SpeechHighlighter.swift in Sources */ = {isa = PBXBuildFile; fileRef = 7EB1459967D740379EA6E9B9 /* SpeechHighlighter.swift */; };
		652C851D31414C87A405A6F7 /* BookCardView.swift in Sources */ = {isa = PBXBuildFile; fileRef = E03C4EF6D51343A884A0B521 /* BookCardView.swift */; };
		6729EA2BCA09402B8A614ACB /* AgeVerificationView.swift in Sources */ = {isa = PBXBuildFile; fileRef = 9EA6467ED088414B8082646E /* AgeVerificationView.swift */; };
		68564A25A895246D55FEEA3C /* SubscriptionStatusCard.swift in Sources */ = {isa = PBXBuildFile; fileRef = DD0D417297589FA98B6C3B16 /* SubscriptionStatusCard.swift */; };
		6C87453FC64546AC98325F0B /* BookDetailView.swift in Sources */ = {isa = PBXBuildFile; fileRef = C45DBD88573748D7B4FE9851 /* BookDetailView.swift */; };
		704257509D824B12931C9A8F /* SettingsView.swift in Sources */ = {isa = PBXBuildFile; fileRef = 129000C19EFF430AB524AB54 /* SettingsView.swift */; };
		7AB8D60EEADE4F6CABD59A4A /* SearchView.swift in Sources */ = {isa = PBXBuildFile; fileRef = F82FAAD160BC4EEA967AD1F4 /* SearchView.swift */; };
		83014BB8B9B62A7E9E42ECD8 /* AskBookAIView.swift in Sources */ = {isa = PBXBuildFile; fileRef = 763A463AA99FBDCBD0A725CA /* AskBookAIView.swift */; };
		84B34B5B833B81178EDB1C09 /* AVFoundation.framework in Embed Frameworks */ = {isa = PBXBuildFile; fileRef = DA1D45218946A589144DE281 /* AVFoundation.framework */; };
		84FE8118555746119E9D311F /* EbookImporter.swift in Sources */ = {isa = PBXBuildFile; fileRef = 3F71655C3D804B3AA2972BA2 /* EbookImporter.swift */; };
		855A4FDE88525892B3A54A4C /* VoiceMashupView.swift in Sources */ = {isa = PBXBuildFile; fileRef = 6EF14CE58B6BCC628142E160 /* VoiceMashupView.swift */; };
		876D85738F1D4B8899A059CB /* PromptTemplateLoader.swift in Sources */ = {isa = PBXBuildFile; fileRef = 28A1538378BF4AE79E35EB53 /* PromptTemplateLoader.swift */; };
		881A4739BD699D567DA0FDB8 /* ChapterProgressView.swift in Sources */ = {isa = PBXBuildFile; fileRef = 42064845988C0E3BC9A70849 /* ChapterProgressView.swift */; };
		890D47EE899A0B191800CFED /* SwiftUI.framework in Embed Frameworks */ = {isa = PBXBuildFile; fileRef = 5781499582260E5F4E5C8D01 /* SwiftUI.framework */; };
		89E9FBC07E034538ABB8CB23 /* DownloadQueue.swift in Sources */ = {isa = PBXBuildFile; fileRef = 13793A61B6F64C28AAD9BB31 /* DownloadQueue.swift */; };
		89FCC71D6E584753B47A1F05 /* FirebaseService.swift in Sources */ = {isa = PBXBuildFile; fileRef = A267AAC9334F4B4E844A1E02 /* FirebaseService.swift */; };
		8BC542FDABB409E06A358B71 /* AIExploreView.swift in Sources */ = {isa = PBXBuildFile; fileRef = 3B704382B8E6ADB869D21E6F /* AIExploreView.swift */; };
		8F084853AFC4C5DFA4CD7E9E /* VoicePreviewPopup.swift in Sources */ = {isa = PBXBuildFile; fileRef = 2E9C4D57B553088ED464CEB5 /* VoicePreviewPopup.swift */; };
		8FE94C28B285728D5AA981E0 /* BookSummaryView.swift in Sources */ = {isa = PBXBuildFile; fileRef = 609949C98C38499F713A1516 /* BookSummaryView.swift */; };
		92B24114B4C228A79AC4B997 /* Theme.swift in Sources */ = {isa = PBXBuildFile; fileRef = 9EAE4266BA09AE286325F4BD /* Theme.swift */; };
		956F2E5008064E94910F8D8E /* AudiobookPlayerView.swift in Sources */ = {isa = PBXBuildFile; fileRef = 115662167F264BC0A0959403 /* AudiobookPlayerView.swift */; };
		98BA4A949BE2563787B6A4FC /* NSFWUnlockModal.swift in Sources */ = {isa = PBXBuildFile; fileRef = EF944F82BEDDB7DF38A9AFA5 /* NSFWUnlockModal.swift */; };
		99276105EF7A4AA1B274A8DD /* StealthVaultManager.swift in Sources */ = {isa = PBXBuildFile; fileRef = A381E231E16847919E0242DB /* StealthVaultManager.swift */; };
		993621755D834F9789D6E578 /* MiniPlayerView.swift in Sources */ = {isa = PBXBuildFile; fileRef = D2FC237C2B754A038DDC99CD /* MiniPlayerView.swift */; };
		99F34CC395B2D8FACD034B13 /* Combine.framework in Frameworks */ = {isa = PBXBuildFile; fileRef = 251E490A977F9D49EBE17D94 /* Combine.framework */; };
		9D50F359C9F240CF94A58A22 /* WaveformView.swift in Sources */ = {isa = PBXBuildFile; fileRef = F7F5E32AA7284C6DBAF717F1 /* WaveformView.swift */; };
		9FEF4186A1EF5477F1A2ABA5 /* AudioCreditStatusView.swift in Sources */ = {isa = PBXBuildFile; fileRef = DD5142528BB677466A4A452F /* AudioCreditStatusView.swift */; };
		A3754401B624163AA73B5038 /* DarkModeSwitcherView.swift in Sources */ = {isa = PBXBuildFile; fileRef = 1119425D80CEC37EA6B060FE /* DarkModeSwitcherView.swift */; };
		A64C639B821047AFA62ABA89 /* ConnectView.swift in Sources */ = {isa = PBXBuildFile; fileRef = 146E3F62EB3D4E1D8FB42D9B /* ConnectView.swift */; };
		AC37400C893EFCB8551F7D6E /* SwipePreviewHandler.swift in Sources */ = {isa = PBXBuildFile; fileRef = A8E74EB7837E326F85A41ECC /* SwipePreviewHandler.swift */; };
		AD86C8B7AD4C4961A422771B /* LaunchScreen.storyboard in Resources */ = {isa = PBXBuildFile; fileRef = 64A68DB39F77442C88BE9B39 /* LaunchScreen.storyboard */; };
		AF1B4B5CAE79D70EB0904970 /* ImportShortcutsPanel.swift in Sources */ = {isa = PBXBuildFile; fileRef = 7F9F47DEAEF6258D960ED1FF /* ImportShortcutsPanel.swift */; };
		AFC51A3DF86B47CD8CABB315 /* DashboardView.swift in Sources */ = {isa = PBXBuildFile; fileRef = 033E8174C583486AA0A6B4F2 /* DashboardView.swift */; };
		AFDF7A6A90F44D2BA54EBC28 /* LibraryView.swift in Sources */ = {isa = PBXBuildFile; fileRef = 0CD265D028BE422CB107AF80 /* LibraryView.swift */; };
		B1DEEF36D1E9435FA42AE7BD /* AppleBooksService.swift in Sources */ = {isa = PBXBuildFile; fileRef = 0B4537F39C5947EA9416784D /* AppleBooksService.swift */; };
		B3C142EC99B7727B17B4CD76 /* LibraryDashboardView.swift in Sources */ = {isa = PBXBuildFile; fileRef = 9D1B47AFBC99EB80B46B4FC4 /* LibraryDashboardView.swift */; };
		B6167004588946EEAD34B3F1 /* VoiceHistory.swift in Sources */ = {isa = PBXBuildFile; fileRef = BE7C5E7568174DAB8D4892CA /* VoiceHistory.swift */; };
		BA56A115F8934E9E8C458C31 /* FeaturedCarouselView.swift in Sources */ = {isa = PBXBuildFile; fileRef = 98E21A2EDE2043EC819B3F8C /* FeaturedCarouselView.swift */; };
		C07040EDA6B157472E6A05AB /* VoiceMemoryView.swift in Sources */ = {isa = PBXBuildFile; fileRef = 091A4154ABF8BAA0C457ED19 /* VoiceMemoryView.swift */; };
		C09D40089ACB53D032F2E4D8 /* Book.swift in Sources */ = {isa = PBXBuildFile; fileRef = BC1C4E80840570BDEE00F335 /* Book.swift */; };
		C1FF47D2B07F394745B6AF87 /* UsageStats.swift in Sources */ = {isa = PBXBuildFile; fileRef = 9D8C4CDEA78E4727E87E10F0 /* UsageStats.swift */; };
		C3F45A0337D542DEAA681E4F /* LibraryModel.swift in Sources */ = {isa = PBXBuildFile; fileRef = 0EF57176C0F14DFD8C0AE104 /* LibraryModel.swift */; };
		C80D1FF90BC34FA29C974218 /* OpenAIService.swift in Sources */ = {isa = PBXBuildFile; fileRef = 2D502143238040D8BA33204E /* OpenAIService.swift */; };
		CD42256A1CA646AFBD098586 /* Info.plist in Resources */ = {isa = PBXBuildFile; fileRef = 914B903C34594C48B093C37B /* Info.plist */; };
		CD610CD5A02E4C68879DA733 /* AuthManager.swift in Sources */ = {isa = PBXBuildFile; fileRef = 1DB9A825333E4DE592E1FA3B /* AuthManager.swift */; };
		CEF42DDA7A2549CDAEA60626 /* PlaybackSpeedControlView.swift in Sources */ = {isa = PBXBuildFile; fileRef = D9A11B8E14DA4BA0AB426DCB /* PlaybackSpeedControlView.swift */; };
		D25B4EB4B734D94BA7ADCC3D /* AutoScrollToggleView.swift in Sources */ = {isa = PBXBuildFile; fileRef = 089942A985E2F00BEFD10E92 /* AutoScrollToggleView.swift */; };
		D6054A65873B8EC096C82A11 /* UserPreferences.swift in Sources */ = {isa = PBXBuildFile; fileRef = 0A0E4FF0B53AA02A92AB3628 /* UserPreferences.swift */; };
		DD304133A4B431FA15A519C9 /* Security.framework in Frameworks */ = {isa = PBXBuildFile; fileRef = E3164990BDA687D97FE0245A /* Security.framework */; };
		EA054CB7A8DF38D9869E3E14 /* OfflineDownloadSettingsView.swift in Sources */ = {isa = PBXBuildFile; fileRef = FA1C468A9671A629363D5CEC /* OfflineDownloadSettingsView.swift */; };
		EB8CC81310864E66B3009939 /* Foundation.framework in Frameworks */ = {isa = PBXBuildFile; fileRef = E6E016DDC2564352B2F8D1AE /* Foundation.framework */; };
		ECDD413B933D6BFE6C6EA45A /* LanguageSelectorView.swift in Sources */ = {isa = PBXBuildFile; fileRef = 9BF14CAFA5E59380AD772D1E /* LanguageSelectorView.swift */; };
		EF53701621C84AE6AD99E801 /* ElevenLabsService.swift in Sources */ = {isa = PBXBuildFile; fileRef = B05F3EAEFF9443B7B1329437 /* ElevenLabsService.swift */; };
		EFC2DCB3C4E24360BA88878C /* VoiceAssigner.swift in Sources */ = {isa = PBXBuildFile; fileRef = 99863192E9EA4C14B4952F9D /* VoiceAssigner.swift */; };
		F80817FC0AAB4EFCB3379478 /* Assets.xcassets in Resources */ = {isa = PBXBuildFile; fileRef = 4559F8F6112A481AB7A7C08F /* Assets.xcassets */; };
		F99D452C82475011A87BAAA4 /* ExploreWidgetRow.swift in Sources */ = {isa = PBXBuildFile; fileRef = 0C304CC28F2230A8C777ADBF /* ExploreWidgetRow.swift */; };
		FBF44B5AA5783A67DB3C091C /* QuickStartList.swift in Sources */ = {isa = PBXBuildFile; fileRef = BDE549E385A3A776DCFF05D4 /* QuickStartList.swift */; };
		FC3F4D3EA77A658163ACC4A2 /* VoicePreviewAndPreferences.swift in Sources */ = {isa = PBXBuildFile; fileRef = 53E64AD98D2C8C7F6486A42E /* VoicePreviewAndPreferences.swift */; };
                FC9E4C6FB6E8CA6988009A6C /* SubscriptionUpgradeView.swift in Sources */ = {isa = PBXBuildFile; fileRef = CB6F4DC598CB8BE1716186CA /* SubscriptionUpgradeView.swift */; };
                FDC005A1C8A9485BA78E21B6 /* CoreForgeAudioApp.swift in Sources */ = {isa = PBXBuildFile; fileRef = AF39AE971FF4413DAAF3D496 /* CoreForgeAudioApp.swift */; };
                FF3A42D6A3C65C624E1881CD /* OfflineContentManager.swift in Sources */ = {isa = PBXBuildFile; fileRef = C2C044309C12761AEB32C92E /* OfflineContentManager.swift */; };
                54DFCE60029613E1F048B48F /* FirebaseAuth.framework in Frameworks */ = {isa = PBXBuildFile; fileRef = 63074AEA92AEE539DF51B4B5 /* FirebaseAuth.framework */; };
                3A67579AD721D452C52BB465 /* FirebaseCore.framework in Frameworks */ = {isa = PBXBuildFile; fileRef = 8A75529A1E40150EAA37E763 /* FirebaseCore.framework */; };
                04DF3A73BE2982975399B7EC /* FirebaseFirestore.framework in Frameworks */ = {isa = PBXBuildFile; fileRef = 4E3C7C225F62B5008E668686 /* FirebaseFirestore.framework */; };
                D61F4B3952085E9EF6B03D8B /* FirebaseStorage.framework in Frameworks */ = {isa = PBXBuildFile; fileRef = 80460C06E1BA7BE45DCC1498 /* FirebaseStorage.framework */; };
                DDF3C6CC03A156DA5CB0B74A /* FirebaseAuth.framework in Embed Frameworks */ = {isa = PBXBuildFile; fileRef = 63074AEA92AEE539DF51B4B5 /* FirebaseAuth.framework */; settings = {ATTRIBUTES = (CodeSignOnCopy, RemoveHeadersOnCopy, ); }; };
                E0DC7F2DFF28A871D8B6BF9F /* FirebaseCore.framework in Embed Frameworks */ = {isa = PBXBuildFile; fileRef = 8A75529A1E40150EAA37E763 /* FirebaseCore.framework */; settings = {ATTRIBUTES = (CodeSignOnCopy, RemoveHeadersOnCopy, ); }; };
                3CC5DA4B90DACC3EFA2A3556 /* FirebaseFirestore.framework in Embed Frameworks */ = {isa = PBXBuildFile; fileRef = 4E3C7C225F62B5008E668686 /* FirebaseFirestore.framework */; settings = {ATTRIBUTES = (CodeSignOnCopy, RemoveHeadersOnCopy, ); }; };
                883C7A7A34187AB1C071DFE1 /* FirebaseStorage.framework in Embed Frameworks */ = {isa = PBXBuildFile; fileRef = 80460C06E1BA7BE45DCC1498 /* FirebaseStorage.framework */; settings = {ATTRIBUTES = (CodeSignOnCopy, RemoveHeadersOnCopy, ); }; };
/* End PBXBuildFile section */

/* Begin PBXCopyFilesBuildPhase section */
		E7A041A38ABEAB9C4C380766 /* Embed Frameworks */ = {
			isa = PBXCopyFilesBuildPhase;
			buildActionMask = 2147483647;
			dstPath = "";
			dstSubfolderSpec = 10;
			files = (
				84B34B5B833B81178EDB1C09 /* AVFoundation.framework in Embed Frameworks */,
				0D9E446FAFB0BFF5DAAD1FA3 /* Combine.framework in Embed Frameworks */,
                                890D47EE899A0B191800CFED /* SwiftUI.framework in Embed Frameworks */,
                                2EC946EF810EFDB240087648 /* Security.framework in Embed Frameworks */,
                                DDF3C6CC03A156DA5CB0B74A /* FirebaseAuth.framework in Embed Frameworks */,
                                E0DC7F2DFF28A871D8B6BF9F /* FirebaseCore.framework in Embed Frameworks */,
                                3CC5DA4B90DACC3EFA2A3556 /* FirebaseFirestore.framework in Embed Frameworks */,
                                883C7A7A34187AB1C071DFE1 /* FirebaseStorage.framework in Embed Frameworks */,
                        );
			name = "Embed Frameworks";
			runOnlyForDeploymentPostprocessing = 0;
		};
/* End PBXCopyFilesBuildPhase section */

/* Begin PBXFileReference section */
		033E8174C583486AA0A6B4F2 /* DashboardView.swift */ = {isa = PBXFileReference; includeInIndex = 1; lastKnownFileType = sourcecode.swift; path = VocalVerseFull/VocalVerse/DashboardView.swift; sourceTree = "<group>"; };
		038644F2A85E21C35B5CF453 /* EmptyStateView.swift */ = {isa = PBXFileReference; lastKnownFileType = sourcecode.swift; name = EmptyStateView.swift; path = apps/CoreForgeAudio/components/EmptyStateView.swift; sourceTree = SOURCE_ROOT; };
		03C53ADD5599426AB3C6B37E /* BannerCarouselView.swift */ = {isa = PBXFileReference; includeInIndex = 1; lastKnownFileType = sourcecode.swift; path = VocalVerseFull/VocalVerse/BannerCarouselView.swift; sourceTree = "<group>"; };
		07464D19A925361894FD6BC6 /* DownloadsManagerView.swift */ = {isa = PBXFileReference; lastKnownFileType = sourcecode.swift; name = DownloadsManagerView.swift; path = apps/CoreForgeAudio/views/DownloadsManagerView.swift; sourceTree = SOURCE_ROOT; };
		089942A985E2F00BEFD10E92 /* AutoScrollToggleView.swift */ = {isa = PBXFileReference; lastKnownFileType = sourcecode.swift; name = AutoScrollToggleView.swift; path = apps/CoreForgeAudio/views/AutoScrollToggleView.swift; sourceTree = SOURCE_ROOT; };
		091A4154ABF8BAA0C457ED19 /* VoiceMemoryView.swift */ = {isa = PBXFileReference; lastKnownFileType = sourcecode.swift; name = VoiceMemoryView.swift; path = apps/CoreForgeAudio/views/VoiceMemoryView.swift; sourceTree = SOURCE_ROOT; };
		0A0E4FF0B53AA02A92AB3628 /* UserPreferences.swift */ = {isa = PBXFileReference; lastKnownFileType = sourcecode.swift; name = UserPreferences.swift; path = apps/CoreForgeAudio/VocalVerseFull/VocalVerse/UserPreferences.swift; sourceTree = SOURCE_ROOT; };
		0B4537F39C5947EA9416784D /* AppleBooksService.swift */ = {isa = PBXFileReference; includeInIndex = 1; lastKnownFileType = sourcecode.swift; path = VocalVerseFull/VocalVerse/AppleBooksService.swift; sourceTree = "<group>"; };
		0C304CC28F2230A8C777ADBF /* ExploreWidgetRow.swift */ = {isa = PBXFileReference; lastKnownFileType = sourcecode.swift; name = ExploreWidgetRow.swift; path = apps/CoreForgeAudio/views/ExploreWidgetRow.swift; sourceTree = SOURCE_ROOT; };
		0CD265D028BE422CB107AF80 /* LibraryView.swift */ = {isa = PBXFileReference; includeInIndex = 1; lastKnownFileType = sourcecode.swift; path = VocalVerseFull/VocalVerse/LibraryView.swift; sourceTree = "<group>"; };
		0E0D36B33AB84BADA40D9893 /* ContentView.swift */ = {isa = PBXFileReference; includeInIndex = 1; lastKnownFileType = sourcecode.swift; path = VocalVerseFull/VocalVerse/ContentView.swift; sourceTree = "<group>"; };
		0EF57176C0F14DFD8C0AE104 /* LibraryModel.swift */ = {isa = PBXFileReference; includeInIndex = 1; lastKnownFileType = sourcecode.swift; path = VocalVerseFull/VocalVerse/LibraryModel.swift; sourceTree = "<group>"; };
		1119425D80CEC37EA6B060FE /* DarkModeSwitcherView.swift */ = {isa = PBXFileReference; lastKnownFileType = sourcecode.swift; name = DarkModeSwitcherView.swift; path = apps/CoreForgeAudio/views/DarkModeSwitcherView.swift; sourceTree = SOURCE_ROOT; };
		115662167F264BC0A0959403 /* AudiobookPlayerView.swift */ = {isa = PBXFileReference; includeInIndex = 1; lastKnownFileType = sourcecode.swift; path = VocalVerseFull/VocalVerse/AudiobookPlayerView.swift; sourceTree = "<group>"; };
		129000C19EFF430AB524AB54 /* SettingsView.swift */ = {isa = PBXFileReference; includeInIndex = 1; lastKnownFileType = sourcecode.swift; path = VocalVerseFull/VocalVerse/SettingsView.swift; sourceTree = "<group>"; };
		132FC80844E44C87B9C12294 /* ChapterImporter.swift */ = {isa = PBXFileReference; includeInIndex = 1; lastKnownFileType = sourcecode.swift; path = VocalVerseFull/VocalVerse/ChapterImporter.swift; sourceTree = "<group>"; };
		13793A61B6F64C28AAD9BB31 /* DownloadQueue.swift */ = {isa = PBXFileReference; includeInIndex = 1; lastKnownFileType = sourcecode.swift; path = VocalVerseFull/VocalVerse/DownloadQueue.swift; sourceTree = "<group>"; };
		146E3F62EB3D4E1D8FB42D9B /* ConnectView.swift */ = {isa = PBXFileReference; includeInIndex = 1; lastKnownFileType = sourcecode.swift; path = VocalVerseFull/VocalVerse/ConnectView.swift; sourceTree = "<group>"; };
		16D5DAA3C9404E5E8EA86180 /* MainTabView.swift */ = {isa = PBXFileReference; includeInIndex = 1; lastKnownFileType = sourcecode.swift; path = VocalVerseFull/VocalVerse/MainTabView.swift; sourceTree = "<group>"; };
		1AF8E5EA13EF44B29C394A60 /* ListeningStatsView.swift */ = {isa = PBXFileReference; includeInIndex = 1; lastKnownFileType = sourcecode.swift; path = views/ListeningStatsView.swift; sourceTree = "<group>"; };
		1BDE4F359A451543A340EDB5 /* SettingsProfileView.swift */ = {isa = PBXFileReference; lastKnownFileType = sourcecode.swift; name = SettingsProfileView.swift; path = apps/CoreForgeAudio/views/SettingsProfileView.swift; sourceTree = SOURCE_ROOT; };
		1DB9A825333E4DE592E1FA3B /* AuthManager.swift */ = {isa = PBXFileReference; includeInIndex = 1; lastKnownFileType = sourcecode.swift; path = VocalVerseFull/VocalVerse/AuthManager.swift; sourceTree = "<group>"; };
		1F2A8647712441F59D0E4173 /* AppleBooksView.swift */ = {isa = PBXFileReference; includeInIndex = 1; lastKnownFileType = sourcecode.swift; path = VocalVerseFull/VocalVerse/AppleBooksView.swift; sourceTree = "<group>"; };
		251E490A977F9D49EBE17D94 /* Combine.framework */ = {isa = PBXFileReference; lastKnownFileType = wrapper.framework; name = Combine.framework; path = System/Library/Frameworks/Combine.framework; sourceTree = SDKROOT; };
		28A1538378BF4AE79E35EB53 /* PromptTemplateLoader.swift */ = {isa = PBXFileReference; includeInIndex = 1; lastKnownFileType = sourcecode.swift; path = VocalVerseFull/VocalVerse/PromptTemplateLoader.swift; sourceTree = "<group>"; };
		2C8A4FA899CFE85B6CF7E687 /* ExportQueueView.swift */ = {isa = PBXFileReference; lastKnownFileType = sourcecode.swift; name = ExportQueueView.swift; path = apps/CoreForgeAudio/views/ExportQueueView.swift; sourceTree = SOURCE_ROOT; };
		2D502143238040D8BA33204E /* OpenAIService.swift */ = {isa = PBXFileReference; includeInIndex = 1; lastKnownFileType = sourcecode.swift; path = VocalVerseFull/VocalVerse/OpenAIService.swift; sourceTree = "<group>"; };
		2E9C4D57B553088ED464CEB5 /* VoicePreviewPopup.swift */ = {isa = PBXFileReference; lastKnownFileType = sourcecode.swift; name = VoicePreviewPopup.swift; path = apps/CoreForgeAudio/views/VoicePreviewPopup.swift; sourceTree = SOURCE_ROOT; };
		3B704382B8E6ADB869D21E6F /* AIExploreView.swift */ = {isa = PBXFileReference; lastKnownFileType = sourcecode.swift; name = AIExploreView.swift; path = apps/CoreForgeAudio/views/AIExploreView.swift; sourceTree = SOURCE_ROOT; };
		3C68B5B6DFB84423BF9546C3 /* OnboardingView.swift */ = {isa = PBXFileReference; includeInIndex = 1; lastKnownFileType = sourcecode.swift; path = VocalVerseFull/VocalVerse/OnboardingView.swift; sourceTree = "<group>"; };
		3F71655C3D804B3AA2972BA2 /* EbookImporter.swift */ = {isa = PBXFileReference; includeInIndex = 1; lastKnownFileType = sourcecode.swift; path = VocalVerseFull/VocalVerse/EbookImporter.swift; sourceTree = "<group>"; };
		4033CDC1CA90451B93D24E69 /* FavoritesView.swift */ = {isa = PBXFileReference; includeInIndex = 1; lastKnownFileType = sourcecode.swift; path = VocalVerseFull/VocalVerse/FavoritesView.swift; sourceTree = "<group>"; };
		40E64B839EC4D014B114A8F8 /* QuizGeneratorView.swift */ = {isa = PBXFileReference; lastKnownFileType = sourcecode.swift; name = QuizGeneratorView.swift; path = apps/CoreForgeAudio/views/QuizGeneratorView.swift; sourceTree = SOURCE_ROOT; };
		42064845988C0E3BC9A70849 /* ChapterProgressView.swift */ = {isa = PBXFileReference; lastKnownFileType = sourcecode.swift; name = ChapterProgressView.swift; path = apps/CoreForgeAudio/views/ChapterProgressView.swift; sourceTree = SOURCE_ROOT; };
		421C483894B8211A87D42F28 /* AmbientFXMixerView.swift */ = {isa = PBXFileReference; lastKnownFileType = sourcecode.swift; name = AmbientFXMixerView.swift; path = apps/CoreForgeAudio/views/AmbientFXMixerView.swift; sourceTree = SOURCE_ROOT; };
		4559F8F6112A481AB7A7C08F /* Assets.xcassets */ = {isa = PBXFileReference; lastKnownFileType = folder.assetcatalog; path = Assets.xcassets; sourceTree = "<group>"; };
		53E64AD98D2C8C7F6486A42E /* VoicePreviewAndPreferences.swift */ = {isa = PBXFileReference; lastKnownFileType = sourcecode.swift; name = VoicePreviewAndPreferences.swift; path = apps/CoreForgeAudio/views/VoicePreviewAndPreferences.swift; sourceTree = SOURCE_ROOT; };
		5481AEFBD50F4D2B9830A918 /* VoiceConfig.swift */ = {isa = PBXFileReference; includeInIndex = 1; lastKnownFileType = sourcecode.swift; path = VocalVerseFull/VocalVerse/VoiceConfig.swift; sourceTree = "<group>"; };
		5781499582260E5F4E5C8D01 /* SwiftUI.framework */ = {isa = PBXFileReference; lastKnownFileType = wrapper.framework; name = SwiftUI.framework; path = System/Library/Frameworks/SwiftUI.framework; sourceTree = SDKROOT; };
		580A625F6E984B299D53BF78 /* ProfileTierCardView.swift */ = {isa = PBXFileReference; includeInIndex = 1; lastKnownFileType = sourcecode.swift; path = views/ProfileTierCardView.swift; sourceTree = "<group>"; };
		609949C98C38499F713A1516 /* BookSummaryView.swift */ = {isa = PBXFileReference; lastKnownFileType = sourcecode.swift; name = BookSummaryView.swift; path = apps/CoreForgeAudio/views/BookSummaryView.swift; sourceTree = SOURCE_ROOT; };
		64A68DB39F77442C88BE9B39 /* LaunchScreen.storyboard */ = {isa = PBXFileReference; lastKnownFileType = file.storyboard; path = VocalVerseFull/VocalVerse/LaunchScreen.storyboard; sourceTree = "<group>"; };
		6EF14CE58B6BCC628142E160 /* VoiceMashupView.swift */ = {isa = PBXFileReference; lastKnownFileType = sourcecode.swift; name = VoiceMashupView.swift; path = apps/CoreForgeAudio/views/VoiceMashupView.swift; sourceTree = SOURCE_ROOT; };
		763A463AA99FBDCBD0A725CA /* AskBookAIView.swift */ = {isa = PBXFileReference; lastKnownFileType = sourcecode.swift; name = AskBookAIView.swift; path = apps/CoreForgeAudio/views/AskBookAIView.swift; sourceTree = SOURCE_ROOT; };
		79C846969C6AEAC29196E23F /* DailyGoalCard.swift */ = {isa = PBXFileReference; lastKnownFileType = sourcecode.swift; name = DailyGoalCard.swift; path = apps/CoreForgeAudio/views/DailyGoalCard.swift; sourceTree = SOURCE_ROOT; };
		7BEA76E0A4C445258CB8A165 /* ViralEngine.swift */ = {isa = PBXFileReference; includeInIndex = 1; lastKnownFileType = sourcecode.swift; path = VocalVerseFull/VocalVerse/ViralEngine.swift; sourceTree = "<group>"; };
		7EB1459967D740379EA6E9B9 /* SpeechHighlighter.swift */ = {isa = PBXFileReference; includeInIndex = 1; lastKnownFileType = sourcecode.swift; path = VocalVerseFull/VocalVerse/SpeechHighlighter.swift; sourceTree = "<group>"; };
		7F9F47DEAEF6258D960ED1FF /* ImportShortcutsPanel.swift */ = {isa = PBXFileReference; lastKnownFileType = sourcecode.swift; name = ImportShortcutsPanel.swift; path = apps/CoreForgeAudio/views/ImportShortcutsPanel.swift; sourceTree = SOURCE_ROOT; };
		851144003F30406993C238BC /* VoiceCastView.swift */ = {isa = PBXFileReference; includeInIndex = 1; lastKnownFileType = sourcecode.swift; path = VocalVerseFull/VocalVerse/VoiceCastView.swift; sourceTree = "<group>"; };
		87D87F17F9404DD9AFFCB1AD /* AdaptiveReasoner.swift */ = {isa = PBXFileReference; includeInIndex = 1; lastKnownFileType = sourcecode.swift; path = VocalVerseFull/VocalVerse/AdaptiveReasoner.swift; sourceTree = "<group>"; };
		8CA9519765CE4CC1911DDAC2 /* SecureStore.swift */ = {isa = PBXFileReference; includeInIndex = 1; lastKnownFileType = sourcecode.swift; path = VocalVerseFull/VocalVerse/SecureStore.swift; sourceTree = "<group>"; };
		914B903C34594C48B093C37B /* Info.plist */ = {isa = PBXFileReference; includeInIndex = 1; lastKnownFileType = text.plist.xml; path = VocalVerseFull/VocalVerse/Info.plist; sourceTree = "<group>"; };
		98E21A2EDE2043EC819B3F8C /* FeaturedCarouselView.swift */ = {isa = PBXFileReference; includeInIndex = 1; lastKnownFileType = sourcecode.swift; path = views/FeaturedCarouselView.swift; sourceTree = "<group>"; };
		99863192E9EA4C14B4952F9D /* VoiceAssigner.swift */ = {isa = PBXFileReference; includeInIndex = 1; lastKnownFileType = sourcecode.swift; path = VocalVerseFull/VocalVerse/VoiceAssigner.swift; sourceTree = "<group>"; };
		9BF14CAFA5E59380AD772D1E /* LanguageSelectorView.swift */ = {isa = PBXFileReference; lastKnownFileType = sourcecode.swift; name = LanguageSelectorView.swift; path = apps/CoreForgeAudio/views/LanguageSelectorView.swift; sourceTree = SOURCE_ROOT; };
		9D1B47AFBC99EB80B46B4FC4 /* LibraryDashboardView.swift */ = {isa = PBXFileReference; lastKnownFileType = sourcecode.swift; name = LibraryDashboardView.swift; path = apps/CoreForgeAudio/views/LibraryDashboardView.swift; sourceTree = SOURCE_ROOT; };
		9D8C4CDEA78E4727E87E10F0 /* UsageStats.swift */ = {isa = PBXFileReference; lastKnownFileType = sourcecode.swift; name = UsageStats.swift; path = apps/CoreForgeAudio/models/UsageStats.swift; sourceTree = SOURCE_ROOT; };
		9EA6467ED088414B8082646E /* AgeVerificationView.swift */ = {isa = PBXFileReference; includeInIndex = 1; lastKnownFileType = sourcecode.swift; path = VocalVerseFull/VocalVerse/AgeVerificationView.swift; sourceTree = "<group>"; };
		9EAE4266BA09AE286325F4BD /* Theme.swift */ = {isa = PBXFileReference; lastKnownFileType = sourcecode.swift; name = Theme.swift; path = apps/CoreForgeAudio/Theme/Theme.swift; sourceTree = SOURCE_ROOT; };
		A20643DC9C298CEB2336610E /* HomeDashboardView.swift */ = {isa = PBXFileReference; lastKnownFileType = sourcecode.swift; name = HomeDashboardView.swift; path = apps/CoreForgeAudio/views/HomeDashboardView.swift; sourceTree = SOURCE_ROOT; };
		A267AAC9334F4B4E844A1E02 /* FirebaseService.swift */ = {isa = PBXFileReference; includeInIndex = 1; lastKnownFileType = sourcecode.swift; path = VocalVerseFull/VocalVerse/FirebaseService.swift; sourceTree = "<group>"; };
		A381E231E16847919E0242DB /* StealthVaultManager.swift */ = {isa = PBXFileReference; includeInIndex = 1; lastKnownFileType = sourcecode.swift; path = VocalVerseFull/VocalVerse/StealthVaultManager.swift; sourceTree = "<group>"; };
		A8E74EB7837E326F85A41ECC /* SwipePreviewHandler.swift */ = {isa = PBXFileReference; lastKnownFileType = sourcecode.swift; name = SwipePreviewHandler.swift; path = apps/CoreForgeAudio/components/SwipePreviewHandler.swift; sourceTree = SOURCE_ROOT; };
		AC66445A9C5AD89CEFCE9CC8 /* NSFWToggleView.swift */ = {isa = PBXFileReference; lastKnownFileType = sourcecode.swift; name = NSFWToggleView.swift; path = apps/CoreForgeAudio/components/NSFWToggleView.swift; sourceTree = SOURCE_ROOT; };
		AF39AE971FF4413DAAF3D496 /* CoreForgeAudioApp.swift */ = {isa = PBXFileReference; includeInIndex = 1; lastKnownFileType = sourcecode.swift; path = VocalVerseFull/VocalVerse/CoreForgeAudioApp.swift; sourceTree = "<group>"; };
		B05F3EAEFF9443B7B1329437 /* ElevenLabsService.swift */ = {isa = PBXFileReference; includeInIndex = 1; lastKnownFileType = sourcecode.swift; path = VocalVerseFull/VocalVerse/ElevenLabsService.swift; sourceTree = "<group>"; };
		B08341459763F9B2FD0CF731 /* VoicePickerView.swift */ = {isa = PBXFileReference; lastKnownFileType = sourcecode.swift; name = VoicePickerView.swift; path = apps/CoreForgeAudio/components/VoicePickerView.swift; sourceTree = SOURCE_ROOT; };
		B3605C5AEACF45E4BB6E9B7F /* DownloadsView.swift */ = {isa = PBXFileReference; includeInIndex = 1; lastKnownFileType = sourcecode.swift; path = VocalVerseFull/VocalVerse/DownloadsView.swift; sourceTree = "<group>"; };
		B43F4EC191844E15764804EC /* UpgradeBlockOverlay.swift */ = {isa = PBXFileReference; lastKnownFileType = sourcecode.swift; name = UpgradeBlockOverlay.swift; path = apps/CoreForgeAudio/components/UpgradeBlockOverlay.swift; sourceTree = SOURCE_ROOT; };
		B8C61030125B4083B4A9882A /* CharacterVoiceMemory.swift */ = {isa = PBXFileReference; includeInIndex = 1; lastKnownFileType = sourcecode.swift; path = VocalVerseFull/VocalVerse/CharacterVoiceMemory.swift; sourceTree = "<group>"; };
		BC1C4E80840570BDEE00F335 /* Book.swift */ = {isa = PBXFileReference; lastKnownFileType = sourcecode.swift; name = Book.swift; path = apps/CoreForgeAudio/models/Book.swift; sourceTree = SOURCE_ROOT; };
		BDE549E385A3A776DCFF05D4 /* QuickStartList.swift */ = {isa = PBXFileReference; lastKnownFileType = sourcecode.swift; name = QuickStartList.swift; path = apps/CoreForgeAudio/views/QuickStartList.swift; sourceTree = SOURCE_ROOT; };
		BE7C5E7568174DAB8D4892CA /* VoiceHistory.swift */ = {isa = PBXFileReference; includeInIndex = 1; lastKnownFileType = sourcecode.swift; path = VocalVerseFull/VocalVerse/VoiceHistory.swift; sourceTree = "<group>"; };
		C2C044309C12761AEB32C92E /* OfflineContentManager.swift */ = {isa = PBXFileReference; lastKnownFileType = sourcecode.swift; name = OfflineContentManager.swift; path = apps/CoreForgeAudio/VocalVerseFull/VocalVerse/OfflineContentManager.swift; sourceTree = SOURCE_ROOT; };
		C45DBD88573748D7B4FE9851 /* BookDetailView.swift */ = {isa = PBXFileReference; includeInIndex = 1; lastKnownFileType = sourcecode.swift; path = VocalVerseFull/VocalVerse/BookDetailView.swift; sourceTree = "<group>"; };
		C49B4D9EA1C567B644D9DE72 /* VoiceEmotionControlView.swift */ = {isa = PBXFileReference; lastKnownFileType = sourcecode.swift; name = VoiceEmotionControlView.swift; path = apps/CoreForgeAudio/views/VoiceEmotionControlView.swift; sourceTree = SOURCE_ROOT; };
		C94B445B87CB8C101B93D104 /* RecentlyImportedView.swift */ = {isa = PBXFileReference; lastKnownFileType = sourcecode.swift; name = RecentlyImportedView.swift; path = apps/CoreForgeAudio/views/RecentlyImportedView.swift; sourceTree = SOURCE_ROOT; };
		CB6F4DC598CB8BE1716186CA /* SubscriptionUpgradeView.swift */ = {isa = PBXFileReference; lastKnownFileType = sourcecode.swift; name = SubscriptionUpgradeView.swift; path = apps/CoreForgeAudio/views/SubscriptionUpgradeView.swift; sourceTree = SOURCE_ROOT; };
		D2FC237C2B754A038DDC99CD /* MiniPlayerView.swift */ = {isa = PBXFileReference; includeInIndex = 1; lastKnownFileType = sourcecode.swift; path = views/MiniPlayerView.swift; sourceTree = "<group>"; };
		D76E59CB30604AAAA2282354 /* KindleService.swift */ = {isa = PBXFileReference; includeInIndex = 1; lastKnownFileType = sourcecode.swift; path = VocalVerseFull/VocalVerse/KindleService.swift; sourceTree = "<group>"; };
		D8EA09CBB95E4C5AAF189582 /* KindleView.swift */ = {isa = PBXFileReference; includeInIndex = 1; lastKnownFileType = sourcecode.swift; path = VocalVerseFull/VocalVerse/KindleView.swift; sourceTree = "<group>"; };
		D9A11B8E14DA4BA0AB426DCB /* PlaybackSpeedControlView.swift */ = {isa = PBXFileReference; includeInIndex = 1; lastKnownFileType = sourcecode.swift; path = components/PlaybackSpeedControlView.swift; sourceTree = "<group>"; };
		D9B30A93EB594B6CA1FCAF28 /* PlayerView.swift */ = {isa = PBXFileReference; includeInIndex = 1; lastKnownFileType = sourcecode.swift; path = VocalVerseFull/VocalVerse/PlayerView.swift; sourceTree = "<group>"; };
		DA1D45218946A589144DE281 /* AVFoundation.framework */ = {isa = PBXFileReference; lastKnownFileType = wrapper.framework; name = AVFoundation.framework; path = System/Library/Frameworks/AVFoundation.framework; sourceTree = SDKROOT; };
		DD0D417297589FA98B6C3B16 /* SubscriptionStatusCard.swift */ = {isa = PBXFileReference; lastKnownFileType = sourcecode.swift; name = SubscriptionStatusCard.swift; path = apps/CoreForgeAudio/views/SubscriptionStatusCard.swift; sourceTree = SOURCE_ROOT; };
		DD5142528BB677466A4A452F /* AudioCreditStatusView.swift */ = {isa = PBXFileReference; lastKnownFileType = sourcecode.swift; name = AudioCreditStatusView.swift; path = apps/CoreForgeAudio/views/AudioCreditStatusView.swift; sourceTree = SOURCE_ROOT; };
		E02E020F26944937A89871CC /* CoreForgeAudio.app */ = {isa = PBXFileReference; explicitFileType = wrapper.application; includeInIndex = 0; path = CoreForgeAudio.app; sourceTree = BUILT_PRODUCTS_DIR; };
		E03C4EF6D51343A884A0B521 /* BookCardView.swift */ = {isa = PBXFileReference; includeInIndex = 1; lastKnownFileType = sourcecode.swift; path = VocalVerseFull/VocalVerse/BookCardView.swift; sourceTree = "<group>"; };
		E3164990BDA687D97FE0245A /* Security.framework */ = {isa = PBXFileReference; lastKnownFileType = wrapper.framework; name = Security.framework; path = System/Library/Frameworks/Security.framework; sourceTree = SDKROOT; };
		E4A847049EED8492C7202F23 /* ContinueListeningView.swift */ = {isa = PBXFileReference; lastKnownFileType = sourcecode.swift; name = ContinueListeningView.swift; path = apps/CoreForgeAudio/views/ContinueListeningView.swift; sourceTree = SOURCE_ROOT; };
		E4B1A46A8B5F462B96054FCC /* ImportView.swift */ = {isa = PBXFileReference; includeInIndex = 1; lastKnownFileType = sourcecode.swift; path = VocalVerseFull/VocalVerse/ImportView.swift; sourceTree = "<group>"; };
		E6E016DDC2564352B2F8D1AE /* Foundation.framework */ = {isa = PBXFileReference; lastKnownFileType = wrapper.framework; name = Foundation.framework; path = Platforms/iPhoneOS.platform/Developer/SDKs/iPhoneOS14.0.sdk/System/Library/Frameworks/Foundation.framework; sourceTree = DEVELOPER_DIR; };
		EF944F82BEDDB7DF38A9AFA5 /* NSFWUnlockModal.swift */ = {isa = PBXFileReference; lastKnownFileType = sourcecode.swift; name = NSFWUnlockModal.swift; path = apps/CoreForgeAudio/components/NSFWUnlockModal.swift; sourceTree = SOURCE_ROOT; };
		EFE34A1CA148FADFA4DBF3C8 /* TodayHighlightsCarousel.swift */ = {isa = PBXFileReference; lastKnownFileType = sourcecode.swift; name = TodayHighlightsCarousel.swift; path = apps/CoreForgeAudio/views/TodayHighlightsCarousel.swift; sourceTree = SOURCE_ROOT; };
		F6B44FD9880C8C2BB6612BFB /* FavoritesCarouselView.swift */ = {isa = PBXFileReference; lastKnownFileType = sourcecode.swift; name = FavoritesCarouselView.swift; path = apps/CoreForgeAudio/views/FavoritesCarouselView.swift; sourceTree = SOURCE_ROOT; };
		F7F5E32AA7284C6DBAF717F1 /* WaveformView.swift */ = {isa = PBXFileReference; includeInIndex = 1; lastKnownFileType = sourcecode.swift; path = VocalVerseFull/VocalVerse/WaveformView.swift; sourceTree = "<group>"; };
                F82FAAD160BC4EEA967AD1F4 /* SearchView.swift */ = {isa = PBXFileReference; includeInIndex = 1; lastKnownFileType = sourcecode.swift; path = views/SearchView.swift; sourceTree = "<group>"; };
                FA1C468A9671A629363D5CEC /* OfflineDownloadSettingsView.swift */ = {isa = PBXFileReference; lastKnownFileType = sourcecode.swift; name = OfflineDownloadSettingsView.swift; path = apps/CoreForgeAudio/views/OfflineDownloadSettingsView.swift; sourceTree = SOURCE_ROOT; };
                63074AEA92AEE539DF51B4B5 /* FirebaseAuth.framework */ = {isa = PBXFileReference; lastKnownFileType = wrapper.framework; name = FirebaseAuth.framework; path = Platforms/iPhoneOS.platform/Developer/SDKs/iPhoneOS14.0.sdk/System/Library/Frameworks/FirebaseAuth.framework; sourceTree = DEVELOPER_DIR; };
                8A75529A1E40150EAA37E763 /* FirebaseCore.framework */ = {isa = PBXFileReference; lastKnownFileType = wrapper.framework; name = FirebaseCore.framework; path = Platforms/iPhoneOS.platform/Developer/SDKs/iPhoneOS14.0.sdk/System/Library/Frameworks/FirebaseCore.framework; sourceTree = DEVELOPER_DIR; };
                4E3C7C225F62B5008E668686 /* FirebaseFirestore.framework */ = {isa = PBXFileReference; lastKnownFileType = wrapper.framework; name = FirebaseFirestore.framework; path = Platforms/iPhoneOS.platform/Developer/SDKs/iPhoneOS14.0.sdk/System/Library/Frameworks/FirebaseFirestore.framework; sourceTree = DEVELOPER_DIR; };
                80460C06E1BA7BE45DCC1498 /* FirebaseStorage.framework */ = {isa = PBXFileReference; lastKnownFileType = wrapper.framework; name = FirebaseStorage.framework; path = Platforms/iPhoneOS.platform/Developer/SDKs/iPhoneOS14.0.sdk/System/Library/Frameworks/FirebaseStorage.framework; sourceTree = DEVELOPER_DIR; };
/* End PBXFileReference section */

/* Begin PBXFrameworksBuildPhase section */
		A4138B8EE18D4D8E9B656CC4 /* Frameworks */ = {
			isa = PBXFrameworksBuildPhase;
			buildActionMask = 2147483647;
			files = (
				EB8CC81310864E66B3009939 /* Foundation.framework in Frameworks */,
				12544CE3AE520C940C7619B4 /* AVFoundation.framework in Frameworks */,
                                99F34CC395B2D8FACD034B13 /* Combine.framework in Frameworks */,
                                337F44258D0BF7DD8B46CFAA /* SwiftUI.framework in Frameworks */,
                                DD304133A4B431FA15A519C9 /* Security.framework in Frameworks */,
                                54DFCE60029613E1F048B48F /* FirebaseAuth.framework in Frameworks */,
                                3A67579AD721D452C52BB465 /* FirebaseCore.framework in Frameworks */,
                                04DF3A73BE2982975399B7EC /* FirebaseFirestore.framework in Frameworks */,
                                D61F4B3952085E9EF6B03D8B /* FirebaseStorage.framework in Frameworks */,
                        );
			runOnlyForDeploymentPostprocessing = 0;
		};
/* End PBXFrameworksBuildPhase section */

/* Begin PBXGroup section */
		5E524691335D4C738411D9E2 = {
			isa = PBXGroup;
			children = (
				926B8404AEC2407194F9608C /* Products */,
				AD9B641A97DA464A874215CC /* Frameworks */,
				9EAE4266BA09AE286325F4BD /* Theme.swift */,
				763A463AA99FBDCBD0A725CA /* AskBookAIView.swift */,
				089942A985E2F00BEFD10E92 /* AutoScrollToggleView.swift */,
				0C304CC28F2230A8C777ADBF /* ExploreWidgetRow.swift */,
				9D1B47AFBC99EB80B46B4FC4 /* LibraryDashboardView.swift */,
				07464D19A925361894FD6BC6 /* DownloadsManagerView.swift */,
				1119425D80CEC37EA6B060FE /* DarkModeSwitcherView.swift */,
				C94B445B87CB8C101B93D104 /* RecentlyImportedView.swift */,
				CB6F4DC598CB8BE1716186CA /* SubscriptionUpgradeView.swift */,
				BDE549E385A3A776DCFF05D4 /* QuickStartList.swift */,
				E4A847049EED8492C7202F23 /* ContinueListeningView.swift */,
				3B704382B8E6ADB869D21E6F /* AIExploreView.swift */,
				FA1C468A9671A629363D5CEC /* OfflineDownloadSettingsView.swift */,
				091A4154ABF8BAA0C457ED19 /* VoiceMemoryView.swift */,
				A20643DC9C298CEB2336610E /* HomeDashboardView.swift */,
				DD5142528BB677466A4A452F /* AudioCreditStatusView.swift */,
				2E9C4D57B553088ED464CEB5 /* VoicePreviewPopup.swift */,
				609949C98C38499F713A1516 /* BookSummaryView.swift */,
				42064845988C0E3BC9A70849 /* ChapterProgressView.swift */,
				7F9F47DEAEF6258D960ED1FF /* ImportShortcutsPanel.swift */,
				40E64B839EC4D014B114A8F8 /* QuizGeneratorView.swift */,
				C49B4D9EA1C567B644D9DE72 /* VoiceEmotionControlView.swift */,
				2C8A4FA899CFE85B6CF7E687 /* ExportQueueView.swift */,
				F6B44FD9880C8C2BB6612BFB /* FavoritesCarouselView.swift */,
				1BDE4F359A451543A340EDB5 /* SettingsProfileView.swift */,
				421C483894B8211A87D42F28 /* AmbientFXMixerView.swift */,
				6EF14CE58B6BCC628142E160 /* VoiceMashupView.swift */,
				9BF14CAFA5E59380AD772D1E /* LanguageSelectorView.swift */,
				DD0D417297589FA98B6C3B16 /* SubscriptionStatusCard.swift */,
				79C846969C6AEAC29196E23F /* DailyGoalCard.swift */,
				53E64AD98D2C8C7F6486A42E /* VoicePreviewAndPreferences.swift */,
				EFE34A1CA148FADFA4DBF3C8 /* TodayHighlightsCarousel.swift */,
				C2C044309C12761AEB32C92E /* OfflineContentManager.swift */,
				0A0E4FF0B53AA02A92AB3628 /* UserPreferences.swift */,
				9D8C4CDEA78E4727E87E10F0 /* UsageStats.swift */,
				BC1C4E80840570BDEE00F335 /* Book.swift */,
				AC66445A9C5AD89CEFCE9CC8 /* NSFWToggleView.swift */,
				B43F4EC191844E15764804EC /* UpgradeBlockOverlay.swift */,
				B08341459763F9B2FD0CF731 /* VoicePickerView.swift */,
				A8E74EB7837E326F85A41ECC /* SwipePreviewHandler.swift */,
				038644F2A85E21C35B5CF453 /* EmptyStateView.swift */,
				EF944F82BEDDB7DF38A9AFA5 /* NSFWUnlockModal.swift */,
				DA1D45218946A589144DE281 /* AVFoundation.framework */,
				251E490A977F9D49EBE17D94 /* Combine.framework */,
				5781499582260E5F4E5C8D01 /* SwiftUI.framework */,
				E3164990BDA687D97FE0245A /* Security.framework */,
			);
			sourceTree = "<group>";
		};
                91EF0A0073664B9BBFFAF0F7 /* iOS */ = {
                        isa = PBXGroup;
                        children = (
                                E6E016DDC2564352B2F8D1AE /* Foundation.framework */,
                                DA1D45218946A589144DE281 /* AVFoundation.framework */,
                                251E490A977F9D49EBE17D94 /* Combine.framework */,
                                5781499582260E5F4E5C8D01 /* SwiftUI.framework */,
                                E3164990BDA687D97FE0245A /* Security.framework */,
                                63074AEA92AEE539DF51B4B5 /* FirebaseAuth.framework */,
                                8A75529A1E40150EAA37E763 /* FirebaseCore.framework */,
                                4E3C7C225F62B5008E668686 /* FirebaseFirestore.framework */,
                                80460C06E1BA7BE45DCC1498 /* FirebaseStorage.framework */,
                        );
                        name = iOS;
                        sourceTree = "<group>";
                };
		926B8404AEC2407194F9608C /* Products */ = {
			isa = PBXGroup;
			children = (
				E02E020F26944937A89871CC /* CoreForgeAudio.app */,
			);
			name = Products;
			sourceTree = "<group>";
		};
		AD9B641A97DA464A874215CC /* Frameworks */ = {
			isa = PBXGroup;
			children = (
				91EF0A0073664B9BBFFAF0F7 /* iOS */,
			);
			name = Frameworks;
			sourceTree = "<group>";
		};
/* End PBXGroup section */

/* Begin PBXNativeTarget section */
		AE5B95FBEDD144C2A2A1D4BB /* CoreForgeAudio */ = {
			isa = PBXNativeTarget;
			buildConfigurationList = F14E83C5CBF84A1892116AE4 /* Build configuration list for PBXNativeTarget "CoreForgeAudio" */;
			buildPhases = (
				293A16FA2FBD4B2EA316BDEB /* Sources */,
				A4138B8EE18D4D8E9B656CC4 /* Frameworks */,
				9E89B4ED70804D50A658C8B5 /* Resources */,
				E7A041A38ABEAB9C4C380766 /* Embed Frameworks */,
			);
			buildRules = (
			);
			dependencies = (
			);
			name = CoreForgeAudio;
			productName = CoreForgeAudio;
			productReference = E02E020F26944937A89871CC /* CoreForgeAudio.app */;
                        productType = "com.apple.product-type.application";
                        packageProductDependencies = (
                                AA0011223344556677889902 /* CreatorCoreForge */,
                        );
                };
/* End PBXNativeTarget section */

/* Begin PBXProject section */
		7DA13769B4924EBB818522CE /* Project object */ = {
			isa = PBXProject;
			attributes = {
				LastSwiftUpdateCheck = 1600;
				LastUpgradeCheck = 1600;
			};
			buildConfigurationList = C3F5E1F82ADF4910889B9B36 /* Build configuration list for PBXProject "CoreForgeAudio" */;
			compatibilityVersion = "Xcode 16.0";
			developmentRegion = en;
			hasScannedForEncodings = 0;
			knownRegions = (
				en,
				Base,
			);
			mainGroup = 5E524691335D4C738411D9E2;
			productRefGroup = 926B8404AEC2407194F9608C /* Products */;
			projectDirPath = "";
			projectRoot = "";
			targets = (
				AE5B95FBEDD144C2A2A1D4BB /* CoreForgeAudio */,
			);
		};
/* End PBXProject section */

/* Begin PBXResourcesBuildPhase section */
		9E89B4ED70804D50A658C8B5 /* Resources */ = {
			isa = PBXResourcesBuildPhase;
			buildActionMask = 2147483647;
			files = (
				CD42256A1CA646AFBD098586 /* Info.plist in Resources */,
				F80817FC0AAB4EFCB3379478 /* Assets.xcassets in Resources */,
				AD86C8B7AD4C4961A422771B /* LaunchScreen.storyboard in Resources */,
			);
			runOnlyForDeploymentPostprocessing = 0;
		};
/* End PBXResourcesBuildPhase section */

/* Begin PBXSourcesBuildPhase section */
		293A16FA2FBD4B2EA316BDEB /* Sources */ = {
			isa = PBXSourcesBuildPhase;
			buildActionMask = 2147483647;
			files = (
				3035B9C1B0414FF1B2DE6D24 /* AdaptiveReasoner.swift in Sources */,
				6729EA2BCA09402B8A614ACB /* AgeVerificationView.swift in Sources */,
				B1DEEF36D1E9435FA42AE7BD /* AppleBooksService.swift in Sources */,
				2092327CCE864334B8FBD8DB /* AppleBooksView.swift in Sources */,
				956F2E5008064E94910F8D8E /* AudiobookPlayerView.swift in Sources */,
				CD610CD5A02E4C68879DA733 /* AuthManager.swift in Sources */,
				5C212BDE3CB147B48EF9F5D7 /* BannerCarouselView.swift in Sources */,
				652C851D31414C87A405A6F7 /* BookCardView.swift in Sources */,
				6C87453FC64546AC98325F0B /* BookDetailView.swift in Sources */,
				3631A055805245D8804B33E0 /* ChapterImporter.swift in Sources */,
				5628EBFEA28C410E8080FF36 /* CharacterVoiceMemory.swift in Sources */,
				A64C639B821047AFA62ABA89 /* ConnectView.swift in Sources */,
				4C388C7FFA604408921177A7 /* ContentView.swift in Sources */,
				FDC005A1C8A9485BA78E21B6 /* CoreForgeAudioApp.swift in Sources */,
				AFC51A3DF86B47CD8CABB315 /* DashboardView.swift in Sources */,
				89E9FBC07E034538ABB8CB23 /* DownloadQueue.swift in Sources */,
				5D025F01B2E34545983A9978 /* DownloadsView.swift in Sources */,
				84FE8118555746119E9D311F /* EbookImporter.swift in Sources */,
				EF53701621C84AE6AD99E801 /* ElevenLabsService.swift in Sources */,
				215961F4D29A43E8AC8A9F57 /* FavoritesView.swift in Sources */,
				BA56A115F8934E9E8C458C31 /* FeaturedCarouselView.swift in Sources */,
				89FCC71D6E584753B47A1F05 /* FirebaseService.swift in Sources */,
				55B4231215504C87AE2184C6 /* ImportView.swift in Sources */,
				42316FBA84D6404EB66680F0 /* KindleService.swift in Sources */,
				175602CC3EF34C73ACED9368 /* KindleView.swift in Sources */,
				C3F45A0337D542DEAA681E4F /* LibraryModel.swift in Sources */,
				AFDF7A6A90F44D2BA54EBC28 /* LibraryView.swift in Sources */,
				3CC049A982BB4FADBC3957CE /* ListeningStatsView.swift in Sources */,
				5310C55B44254030B2386E73 /* MainTabView.swift in Sources */,
				993621755D834F9789D6E578 /* MiniPlayerView.swift in Sources */,
				384FC988299D47F59DC868C8 /* OnboardingView.swift in Sources */,
				C80D1FF90BC34FA29C974218 /* OpenAIService.swift in Sources */,
				CEF42DDA7A2549CDAEA60626 /* PlaybackSpeedControlView.swift in Sources */,
				3870F41243BE4239BCB001BE /* PlayerView.swift in Sources */,
				1FCD4C43BB60407EBF67DE88 /* ProfileTierCardView.swift in Sources */,
				876D85738F1D4B8899A059CB /* PromptTemplateLoader.swift in Sources */,
				7AB8D60EEADE4F6CABD59A4A /* SearchView.swift in Sources */,
				38A24208506B48698548F398 /* SecureStore.swift in Sources */,
				704257509D824B12931C9A8F /* SettingsView.swift in Sources */,
				64E6F5A0C902400684D5CB1D /* SpeechHighlighter.swift in Sources */,
				99276105EF7A4AA1B274A8DD /* StealthVaultManager.swift in Sources */,
				59EF4DD978274C628E2F804D /* ViralEngine.swift in Sources */,
				EFC2DCB3C4E24360BA88878C /* VoiceAssigner.swift in Sources */,
				1529558E613A46F88D168D69 /* VoiceCastView.swift in Sources */,
				004BB219B9E94220B921E70B /* VoiceConfig.swift in Sources */,
				B6167004588946EEAD34B3F1 /* VoiceHistory.swift in Sources */,
				9D50F359C9F240CF94A58A22 /* WaveformView.swift in Sources */,
				92B24114B4C228A79AC4B997 /* Theme.swift in Sources */,
				83014BB8B9B62A7E9E42ECD8 /* AskBookAIView.swift in Sources */,
				D25B4EB4B734D94BA7ADCC3D /* AutoScrollToggleView.swift in Sources */,
				F99D452C82475011A87BAAA4 /* ExploreWidgetRow.swift in Sources */,
				B3C142EC99B7727B17B4CD76 /* LibraryDashboardView.swift in Sources */,
				5A084CAAA7EA77143B45F916 /* DownloadsManagerView.swift in Sources */,
				A3754401B624163AA73B5038 /* DarkModeSwitcherView.swift in Sources */,
				420B41798BA3DB936ECFC814 /* RecentlyImportedView.swift in Sources */,
				FC9E4C6FB6E8CA6988009A6C /* SubscriptionUpgradeView.swift in Sources */,
				FBF44B5AA5783A67DB3C091C /* QuickStartList.swift in Sources */,
				1E8B4DC8A0B32742BC69B3B7 /* ContinueListeningView.swift in Sources */,
				8BC542FDABB409E06A358B71 /* AIExploreView.swift in Sources */,
				EA054CB7A8DF38D9869E3E14 /* OfflineDownloadSettingsView.swift in Sources */,
				C07040EDA6B157472E6A05AB /* VoiceMemoryView.swift in Sources */,
				096642968A3E46F396422378 /* HomeDashboardView.swift in Sources */,
				9FEF4186A1EF5477F1A2ABA5 /* AudioCreditStatusView.swift in Sources */,
				8F084853AFC4C5DFA4CD7E9E /* VoicePreviewPopup.swift in Sources */,
				8FE94C28B285728D5AA981E0 /* BookSummaryView.swift in Sources */,
				881A4739BD699D567DA0FDB8 /* ChapterProgressView.swift in Sources */,
				AF1B4B5CAE79D70EB0904970 /* ImportShortcutsPanel.swift in Sources */,
				0106411D9EABE2490E4E4941 /* QuizGeneratorView.swift in Sources */,
				550A4F7089B569D3073C4B2F /* VoiceEmotionControlView.swift in Sources */,
				0EF84E79BFA0487A102BF775 /* ExportQueueView.swift in Sources */,
				0EE94C788A90464EE7840983 /* FavoritesCarouselView.swift in Sources */,
				5DCF4ABA924DE0A8390998A2 /* SettingsProfileView.swift in Sources */,
				5169483782007F08E01DD27E /* AmbientFXMixerView.swift in Sources */,
				855A4FDE88525892B3A54A4C /* VoiceMashupView.swift in Sources */,
				ECDD413B933D6BFE6C6EA45A /* LanguageSelectorView.swift in Sources */,
				68564A25A895246D55FEEA3C /* SubscriptionStatusCard.swift in Sources */,
				435648BDAF26F38CD47F7B33 /* DailyGoalCard.swift in Sources */,
				FC3F4D3EA77A658163ACC4A2 /* VoicePreviewAndPreferences.swift in Sources */,
				55654FBC8F2127C1DC08AF26 /* TodayHighlightsCarousel.swift in Sources */,
				FF3A42D6A3C65C624E1881CD /* OfflineContentManager.swift in Sources */,
				D6054A65873B8EC096C82A11 /* UserPreferences.swift in Sources */,
				C1FF47D2B07F394745B6AF87 /* UsageStats.swift in Sources */,
				C09D40089ACB53D032F2E4D8 /* Book.swift in Sources */,
				43A3492DB04BAA0A10D411BF /* NSFWToggleView.swift in Sources */,
				162943CD97931759F772A626 /* UpgradeBlockOverlay.swift in Sources */,
				3B724765BAAD1A8F4855F89C /* VoicePickerView.swift in Sources */,
				AC37400C893EFCB8551F7D6E /* SwipePreviewHandler.swift in Sources */,
				2FEC4839886E880CF7D77E35 /* EmptyStateView.swift in Sources */,
				98BA4A949BE2563787B6A4FC /* NSFWUnlockModal.swift in Sources */,
			);
			runOnlyForDeploymentPostprocessing = 0;
		};
/* End PBXSourcesBuildPhase section */

/* Begin XCBuildConfiguration section */
		12B96CE7502B4AC6BFCCD520 /* Debug */ = {
			isa = XCBuildConfiguration;
			buildSettings = {
				HEADERMAP_STYLE = FLAT;
				ASSETCATALOG_COMPILER_APPICON_NAME = AppIcon;
				INFOPLIST_FILE = VocalVerseFull/VocalVerse/Info.plist;
				IPHONEOS_DEPLOYMENT_TARGET = 15.0;
				LD_RUNPATH_SEARCH_PATHS = "$(inherited) @executable_path/Frameworks";
				PRODUCT_BUNDLE_IDENTIFIER = com.creatorcoreforge.audio;
				SDKROOT = iphoneos;
				SWIFT_VERSION = 5.9;
				TARGETED_DEVICE_FAMILY = "1,2";
			};
			name = Debug;
		};
		1BE41F6384E94C55A5A59794 /* Release */ = {
			isa = XCBuildConfiguration;
			buildSettings = {
				HEADERMAP_STYLE = FLAT;
			};
			name = Release;
		};
		BB1E019F8FB6495593CA4D0E /* Release */ = {
			isa = XCBuildConfiguration;
			buildSettings = {
				HEADERMAP_STYLE = FLAT;
				ASSETCATALOG_COMPILER_APPICON_NAME = AppIcon;
				INFOPLIST_FILE = VocalVerseFull/VocalVerse/Info.plist;
				IPHONEOS_DEPLOYMENT_TARGET = 15.0;
				LD_RUNPATH_SEARCH_PATHS = "$(inherited) @executable_path/Frameworks";
				PRODUCT_BUNDLE_IDENTIFIER = com.creatorcoreforge.audio;
				SDKROOT = iphoneos;
				SWIFT_VERSION = 5.9;
				TARGETED_DEVICE_FAMILY = "1,2";
				VALIDATE_PRODUCT = YES;
			};
			name = Release;
		};
		CEEA65B9E61B4765A995FCDE /* Debug */ = {
			isa = XCBuildConfiguration;
			buildSettings = {
				HEADERMAP_STYLE = FLAT;
			};
			name = Debug;
		};
/* End XCBuildConfiguration section */

/* Begin XCConfigurationList section */
		C3F5E1F82ADF4910889B9B36 /* Build configuration list for PBXProject "CoreForgeAudio" */ = {
			isa = XCConfigurationList;
			buildConfigurations = (
				CEEA65B9E61B4765A995FCDE /* Debug */,
				1BE41F6384E94C55A5A59794 /* Release */,
			);
			defaultConfigurationIsVisible = 0;
			defaultConfigurationName = Release;
		};
		F14E83C5CBF84A1892116AE4 /* Build configuration list for PBXNativeTarget "CoreForgeAudio" */ = {
			isa = XCConfigurationList;
			buildConfigurations = (
				BB1E019F8FB6495593CA4D0E /* Release */,
				12B96CE7502B4AC6BFCCD520 /* Debug */,
			);
			defaultConfigurationIsVisible = 0;
			defaultConfigurationName = Release;
		};
/* End XCConfigurationList section */
/* Begin XCRemoteSwiftPackageReference section */
                AA0011223344556677889901 /* XCRemoteSwiftPackageReference "CreatorCoreForge" */ = {
                        isa = XCRemoteSwiftPackageReference;
                        repositoryURL = "";
                        requirement = {
                                kind = localPackage;
                                path = "../../";
                        };
                };
/* End XCRemoteSwiftPackageReference section */

/* Begin XCSwiftPackageProductDependency section */
                AA0011223344556677889902 /* CreatorCoreForge */ = {
                        isa = XCSwiftPackageProductDependency;
                        package = AA0011223344556677889901 /* XCRemoteSwiftPackageReference "CreatorCoreForge" */;
                        productName = CreatorCoreForge;
                };
/* End XCSwiftPackageProductDependency section */
        };
        rootObject = 7DA13769B4924EBB818522CE /* Project object */;
}
