// !$*UTF8*$!
{
  archiveVersion = 1;
  objectVersion = 56;
  classes = {};
  objects = {

/* Begin PBXGroup section */
    CF03C683FABD431C91CB139C = {
      isa = PBXGroup;
      children = (
      );
      sourceTree = "<group>";
    };
/* End PBXGroup section */

/* Begin PBXProject section */
    6468C9068E36401D8D37EF26 /* Project object */ = {
      isa = PBXProject;
      attributes = {
        LastUpgradeCheck = 1600;
        ORGANIZATIONNAME = "";
      };
      buildConfigurationList = 21D0E7C2ECB74471B011899F /* Build configuration list for PBXProject */;
      compatibilityVersion = "Xcode 16.0";
      developmentRegion = en;
      hasScannedForEncodings = 0;
      mainGroup = CF03C683FABD431C91CB139C;
      targets = (
      );
      projectDirPath = "";
      projectRoot = "";
    };
/* End PBXProject section */

/* Begin XCBuildConfiguration section */
    6784BFBBEB924FB9840C9A73 /* Debug */ = {
      isa = XCBuildConfiguration;
      buildSettings = {
      };
      name = Debug;
    };
    C6E3DCA80C55478BBAD29BB9 /* Release */ = {
      isa = XCBuildConfiguration;
      buildSettings = {
      };
      name = Release;
    };
/* End XCBuildConfiguration section */

/* Begin XCConfigurationList section */
    21D0E7C2ECB74471B011899F /* Build configuration list for PBXProject */ = {
      isa = XCConfigurationList;
      buildConfigurations = (
        6784BFBBEB924FB9840C9A73 /* Debug */,
        C6E3DCA80C55478BBAD29BB9 /* Release */,
      );
      defaultConfigurationIsVisible = 0;
      defaultConfigurationName = Release;
    };
/* End XCConfigurationList section */

  };
  rootObject = 6468C9068E36401D8D37EF26 /* Project object */;
}
